// !$*UTF8*$!
{
	archiveVersion = 1;
	classes = {
	};
	objectVersion = 46;
	objects = {

/* Begin PBXBuildFile section */
		0662492414A8F2A800FDAFA7 /* UIKit.framework in Frameworks */ = {isa = PBXBuildFile; fileRef = 0662492314A8F2A800FDAFA7 /* UIKit.framework */; };
		0662492614A8F2A800FDAFA7 /* Foundation.framework in Frameworks */ = {isa = PBXBuildFile; fileRef = 0662492514A8F2A800FDAFA7 /* Foundation.framework */; };
		0662492814A8F2A800FDAFA7 /* CoreGraphics.framework in Frameworks */ = {isa = PBXBuildFile; fileRef = 0662492714A8F2A800FDAFA7 /* CoreGraphics.framework */; };
		0662492E14A8F2A900FDAFA7 /* InfoPlist.strings in Resources */ = {isa = PBXBuildFile; fileRef = 0662492C14A8F2A900FDAFA7 /* InfoPlist.strings */; };
		0662493014A8F2A900FDAFA7 /* main.m in Sources */ = {isa = PBXBuildFile; fileRef = 0662492F14A8F2A900FDAFA7 /* main.m */; };
		0662493414A8F2A900FDAFA7 /* AppDelegate.m in Sources */ = {isa = PBXBuildFile; fileRef = 0662493314A8F2A900FDAFA7 /* AppDelegate.m */; };
		0662493914A8F2A900FDAFA7 /* first.png in Resources */ = {isa = PBXBuildFile; fileRef = 0662493814A8F2A900FDAFA7 /* first.png */; };
		0662493B14A8F2A900FDAFA7 /* first@2x.png in Resources */ = {isa = PBXBuildFile; fileRef = 0662493A14A8F2A900FDAFA7 /* first@2x.png */; };
		0662494014A8F2A900FDAFA7 /* second.png in Resources */ = {isa = PBXBuildFile; fileRef = 0662493F14A8F2A900FDAFA7 /* second.png */; };
		0662494214A8F2A900FDAFA7 /* second@2x.png in Resources */ = {isa = PBXBuildFile; fileRef = 0662494114A8F2A900FDAFA7 /* second@2x.png */; };
		06624A2514ABA1B100FDAFA7 /* glosario.plist in Resources */ = {isa = PBXBuildFile; fileRef = 06624A2014ABA1B100FDAFA7 /* glosario.plist */; };
		06624A2814ABA1B100FDAFA7 /* lasdo.plist in Resources */ = {isa = PBXBuildFile; fileRef = 06624A2414ABA1B100FDAFA7 /* lasdo.plist */; };
		06624A4414ABA20300FDAFA7 /* glosario.png in Resources */ = {isa = PBXBuildFile; fileRef = 06624A3314ABA20300FDAFA7 /* glosario.png */; };
		06624A4714ABA20300FDAFA7 /* receta.png in Resources */ = {isa = PBXBuildFile; fileRef = 06624A3714ABA20300FDAFA7 /* receta.png */; };
		06624A4914ABA20300FDAFA7 /* RootViewController.m in Sources */ = {isa = PBXBuildFile; fileRef = 06624A3B14ABA20300FDAFA7 /* RootViewController.m */; };
		06624A4A14ABA20300FDAFA7 /* RootViewController.xib in Resources */ = {isa = PBXBuildFile; fileRef = 06624A3C14ABA20300FDAFA7 /* RootViewController.xib */; };
		06624A4B14ABA20300FDAFA7 /* tweet.png in Resources */ = {isa = PBXBuildFile; fileRef = 06624A3D14ABA20300FDAFA7 /* tweet.png */; };
		06E99CAB152CCE960024BBD6 /* remedios_57x57.png in Resources */ = {isa = PBXBuildFile; fileRef = 06E99CA9152CCE960024BBD6 /* remedios_57x57.png */; };
		06E99CAC152CCE960024BBD6 /* remedios_114x114.png in Resources */ = {isa = PBXBuildFile; fileRef = 06E99CAA152CCE960024BBD6 /* remedios_114x114.png */; };
		06E99CAF152CCED40024BBD6 /* remedios_57x57.png in Resources */ = {isa = PBXBuildFile; fileRef = 06E99CAE152CCED40024BBD6 /* remedios_57x57.png */; };
		06E99CB1152CCED90024BBD6 /* remedios_114x114.png in Resources */ = {isa = PBXBuildFile; fileRef = 06E99CB0152CCED90024BBD6 /* remedios_114x114.png */; };
		122C8E3C156D545300EB3A17 /* CFNetwork.framework in Frameworks */ = {isa = PBXBuildFile; fileRef = 122C8E3B156D545300EB3A17 /* CFNetwork.framework */; };
		122C8E3F156D545C00EB3A17 /* libsqlite3.0.dylib in Frameworks */ = {isa = PBXBuildFile; fileRef = 122C8E3E156D545C00EB3A17 /* libsqlite3.0.dylib */; };
		122C8E46156D551F00EB3A17 /* Analytics.m in Sources */ = {isa = PBXBuildFile; fileRef = 122C8E42156D551F00EB3A17 /* Analytics.m */; };
		122C8E47156D551F00EB3A17 /* libGoogleAnalytics.a in Frameworks */ = {isa = PBXBuildFile; fileRef = 122C8E44156D551F00EB3A17 /* libGoogleAnalytics.a */; };
		122C8E48156D551F00EB3A17 /* libGoogleAnalytics_NoThumb.a in Frameworks */ = {isa = PBXBuildFile; fileRef = 122C8E45156D551F00EB3A17 /* libGoogleAnalytics_NoThumb.a */; };
		8B335C78153DE41F0041D1C4 /* RemediosCaseros.sqlite in Resources */ = {isa = PBXBuildFile; fileRef = 8B335C77153DE41F0041D1C4 /* RemediosCaseros.sqlite */; };
		8B335C97153DF9910041D1C4 /* SystemConfiguration.framework in Frameworks */ = {isa = PBXBuildFile; fileRef = 8B335C96153DF9910041D1C4 /* SystemConfiguration.framework */; };
		8B335CA4153E0D9A0041D1C4 /* generico_glosario.png in Resources */ = {isa = PBXBuildFile; fileRef = 8B335CA0153E0D9A0041D1C4 /* generico_glosario.png */; };
		8B335CA5153E0D9A0041D1C4 /* generico_glosario@2x.png in Resources */ = {isa = PBXBuildFile; fileRef = 8B335CA1153E0D9A0041D1C4 /* generico_glosario@2x.png */; };
		8B335CA6153E0D9A0041D1C4 /* generico_remedio.png in Resources */ = {isa = PBXBuildFile; fileRef = 8B335CA2153E0D9A0041D1C4 /* generico_remedio.png */; };
		8B335CA7153E0D9A0041D1C4 /* generico_remedio@2x.png in Resources */ = {isa = PBXBuildFile; fileRef = 8B335CA3153E0D9A0041D1C4 /* generico_remedio@2x.png */; };
		8B3E27911537163500E0A378 /* Ajo@2x.png in Resources */ = {isa = PBXBuildFile; fileRef = 8B3E27421537163500E0A378 /* Ajo@2x.png */; };
		8B3E27921537163500E0A378 /* Alcachofa@2x.png in Resources */ = {isa = PBXBuildFile; fileRef = 8B3E27431537163500E0A378 /* Alcachofa@2x.png */; };
		8B3E27931537163500E0A378 /* Alfalfa@2x.png in Resources */ = {isa = PBXBuildFile; fileRef = 8B3E27441537163500E0A378 /* Alfalfa@2x.png */; };
		8B3E27941537163500E0A378 /* Alfombras@2x.png in Resources */ = {isa = PBXBuildFile; fileRef = 8B3E27451537163500E0A378 /* Alfombras@2x.png */; };
		8B3E27951537163500E0A378 /* Aloe@2x.png in Resources */ = {isa = PBXBuildFile; fileRef = 8B3E27461537163500E0A378 /* Aloe@2x.png */; };
		8B3E27961537163500E0A378 /* Arnica@2x.png in Resources */ = {isa = PBXBuildFile; fileRef = 8B3E27471537163500E0A378 /* Arnica@2x.png */; };
		8B3E27971537163500E0A378 /* Artritis@2x.png in Resources */ = {isa = PBXBuildFile; fileRef = 8B3E27481537163500E0A378 /* Artritis@2x.png */; };
		8B3E27981537163500E0A378 /* Avena@2x.png in Resources */ = {isa = PBXBuildFile; fileRef = 8B3E27491537163500E0A378 /* Avena@2x.png */; };
		8B3E27991537163500E0A378 /* Azulejos@2x.png in Resources */ = {isa = PBXBuildFile; fileRef = 8B3E274A1537163500E0A378 /* Azulejos@2x.png */; };
		8B3E279A1537163500E0A378 /* Acne@2x.png in Resources */ = {isa = PBXBuildFile; fileRef = 8B3E274C1537163500E0A378 /* Acne@2x.png */; };
		8B3E279B1537163500E0A378 /* Arrugas@2x.png in Resources */ = {isa = PBXBuildFile; fileRef = 8B3E274D1537163500E0A378 /* Arrugas@2x.png */; };
		8B3E279C1537163500E0A378 /* Graso@2x.png in Resources */ = {isa = PBXBuildFile; fileRef = 8B3E274E1537163500E0A378 /* Graso@2x.png */; };
		8B3E279D1537163500E0A378 /* Mascarilla@2x.png in Resources */ = {isa = PBXBuildFile; fileRef = 8B3E274F1537163500E0A378 /* Mascarilla@2x.png */; };
		8B3E279E1537163500E0A378 /* Acne.png in Resources */ = {isa = PBXBuildFile; fileRef = 8B3E27511537163500E0A378 /* Acne.png */; };
		8B3E279F1537163500E0A378 /* Arrugas.png in Resources */ = {isa = PBXBuildFile; fileRef = 8B3E27521537163500E0A378 /* Arrugas.png */; };
		8B3E27A01537163500E0A378 /* Graso.png in Resources */ = {isa = PBXBuildFile; fileRef = 8B3E27531537163500E0A378 /* Graso.png */; };
		8B3E27A11537163500E0A378 /* Mascarilla.png in Resources */ = {isa = PBXBuildFile; fileRef = 8B3E27541537163500E0A378 /* Mascarilla.png */; };
		8B3E27A21537163500E0A378 /* Pelo.png in Resources */ = {isa = PBXBuildFile; fileRef = 8B3E27551537163500E0A378 /* Pelo.png */; };
		8B3E27A31537163500E0A378 /* Piel.png in Resources */ = {isa = PBXBuildFile; fileRef = 8B3E27561537163500E0A378 /* Piel.png */; };
		8B3E27A41537163500E0A378 /* Rostro.png in Resources */ = {isa = PBXBuildFile; fileRef = 8B3E27571537163500E0A378 /* Rostro.png */; };
		8B3E27A51537163500E0A378 /* Seco.png in Resources */ = {isa = PBXBuildFile; fileRef = 8B3E27581537163500E0A378 /* Seco.png */; };
		8B3E27A61537163500E0A378 /* Uñas.png in Resources */ = {isa = PBXBuildFile; fileRef = 8B3E27591537163500E0A378 /* Uñas.png */; };
		8B3E27A71537163500E0A378 /* Pelo@2x.png in Resources */ = {isa = PBXBuildFile; fileRef = 8B3E275A1537163500E0A378 /* Pelo@2x.png */; };
		8B3E27A81537163500E0A378 /* Piel@2x.png in Resources */ = {isa = PBXBuildFile; fileRef = 8B3E275B1537163500E0A378 /* Piel@2x.png */; };
		8B3E27A91537163500E0A378 /* Rostro@2x.png in Resources */ = {isa = PBXBuildFile; fileRef = 8B3E275C1537163500E0A378 /* Rostro@2x.png */; };
		8B3E27AA1537163500E0A378 /* Seco@2x.png in Resources */ = {isa = PBXBuildFile; fileRef = 8B3E275D1537163500E0A378 /* Seco@2x.png */; };
		8B3E27AB1537163500E0A378 /* Uñas@2x.png in Resources */ = {isa = PBXBuildFile; fileRef = 8B3E275E1537163500E0A378 /* Uñas@2x.png */; };
		8B3E27AC1537163500E0A378 /* Canela@2x.png in Resources */ = {isa = PBXBuildFile; fileRef = 8B3E275F1537163500E0A378 /* Canela@2x.png */; };
		8B3E27AD1537163500E0A378 /* Chia@2x.png in Resources */ = {isa = PBXBuildFile; fileRef = 8B3E27601537163500E0A378 /* Chia@2x.png */; };
		8B3E27AE1537163500E0A378 /* Colesterol@2x.png in Resources */ = {isa = PBXBuildFile; fileRef = 8B3E27611537163500E0A378 /* Colesterol@2x.png */; };
		8B3E27AF1537163500E0A378 /* Colitis@2x.png in Resources */ = {isa = PBXBuildFile; fileRef = 8B3E27621537163500E0A378 /* Colitis@2x.png */; };
		8B3E27B01537163500E0A378 /* Conjuntivitis@2x.png in Resources */ = {isa = PBXBuildFile; fileRef = 8B3E27631537163500E0A378 /* Conjuntivitis@2x.png */; };
		8B3E27B11537163500E0A378 /* Corazon@2x.png in Resources */ = {isa = PBXBuildFile; fileRef = 8B3E27641537163500E0A378 /* Corazon@2x.png */; };
		8B3E27B21537163500E0A378 /* Cortina@2x.png in Resources */ = {isa = PBXBuildFile; fileRef = 8B3E27651537163500E0A378 /* Cortina@2x.png */; };
		8B3E27B31537163500E0A378 /* Cristales@2x.png in Resources */ = {isa = PBXBuildFile; fileRef = 8B3E27661537163500E0A378 /* Cristales@2x.png */; };
		8B3E27B41537163500E0A378 /* Cuachalalate@2x.png in Resources */ = {isa = PBXBuildFile; fileRef = 8B3E27671537163500E0A378 /* Cuachalalate@2x.png */; };
		8B3E27B51537163500E0A378 /* Desague@2x.png in Resources */ = {isa = PBXBuildFile; fileRef = 8B3E27681537163500E0A378 /* Desague@2x.png */; };
		8B3E27B61537163500E0A378 /* Escoba@2x.png in Resources */ = {isa = PBXBuildFile; fileRef = 8B3E27691537163500E0A378 /* Escoba@2x.png */; };
		8B3E27B71537163500E0A378 /* Estufa@2x.png in Resources */ = {isa = PBXBuildFile; fileRef = 8B3E276A1537163500E0A378 /* Estufa@2x.png */; };
		8B3E27B81537163500E0A378 /* Gingivitis@2x.png in Resources */ = {isa = PBXBuildFile; fileRef = 8B3E276B1537163500E0A378 /* Gingivitis@2x.png */; };
		8B3E27B91537163500E0A378 /* Hipertension@2x.png in Resources */ = {isa = PBXBuildFile; fileRef = 8B3E276C1537163500E0A378 /* Hipertension@2x.png */; };
		8B3E27BA1537163500E0A378 /* Indigestion@2x.png in Resources */ = {isa = PBXBuildFile; fileRef = 8B3E276D1537163500E0A378 /* Indigestion@2x.png */; };
		8B3E27BB1537163500E0A378 /* Inmunologico@2x.png in Resources */ = {isa = PBXBuildFile; fileRef = 8B3E276E1537163500E0A378 /* Inmunologico@2x.png */; };
		8B3E27BC1537163500E0A378 /* Insomnio@2x.png in Resources */ = {isa = PBXBuildFile; fileRef = 8B3E276F1537163500E0A378 /* Insomnio@2x.png */; };
		8B3E27BD1537163500E0A378 /* Ajo.png in Resources */ = {isa = PBXBuildFile; fileRef = 8B3E27711537163500E0A378 /* Ajo.png */; };
		8B3E27BE1537163500E0A378 /* Alcachofa.png in Resources */ = {isa = PBXBuildFile; fileRef = 8B3E27721537163500E0A378 /* Alcachofa.png */; };
		8B3E27BF1537163500E0A378 /* Alfalfa.png in Resources */ = {isa = PBXBuildFile; fileRef = 8B3E27731537163500E0A378 /* Alfalfa.png */; };
		8B3E27C01537163500E0A378 /* Alfombras.png in Resources */ = {isa = PBXBuildFile; fileRef = 8B3E27741537163500E0A378 /* Alfombras.png */; };
		8B3E27C11537163500E0A378 /* Aloe.png in Resources */ = {isa = PBXBuildFile; fileRef = 8B3E27751537163500E0A378 /* Aloe.png */; };
		8B3E27C21537163500E0A378 /* Arnica.png in Resources */ = {isa = PBXBuildFile; fileRef = 8B3E27761537163500E0A378 /* Arnica.png */; };
		8B3E27C31537163500E0A378 /* Artritis.png in Resources */ = {isa = PBXBuildFile; fileRef = 8B3E27771537163500E0A378 /* Artritis.png */; };
		8B3E27C41537163500E0A378 /* Avena.png in Resources */ = {isa = PBXBuildFile; fileRef = 8B3E27781537163500E0A378 /* Avena.png */; };
		8B3E27C51537163500E0A378 /* Azulejos.png in Resources */ = {isa = PBXBuildFile; fileRef = 8B3E27791537163500E0A378 /* Azulejos.png */; };
		8B3E27C61537163500E0A378 /* Canela.png in Resources */ = {isa = PBXBuildFile; fileRef = 8B3E277A1537163500E0A378 /* Canela.png */; };
		8B3E27C71537163500E0A378 /* Chia.png in Resources */ = {isa = PBXBuildFile; fileRef = 8B3E277B1537163500E0A378 /* Chia.png */; };
		8B3E27C81537163500E0A378 /* Colesterol.png in Resources */ = {isa = PBXBuildFile; fileRef = 8B3E277C1537163500E0A378 /* Colesterol.png */; };
		8B3E27C91537163500E0A378 /* Colitis.png in Resources */ = {isa = PBXBuildFile; fileRef = 8B3E277D1537163500E0A378 /* Colitis.png */; };
		8B3E27CA1537163500E0A378 /* Conjuntivitis.png in Resources */ = {isa = PBXBuildFile; fileRef = 8B3E277E1537163500E0A378 /* Conjuntivitis.png */; };
		8B3E27CB1537163500E0A378 /* Corazon.png in Resources */ = {isa = PBXBuildFile; fileRef = 8B3E277F1537163500E0A378 /* Corazon.png */; };
		8B3E27CC1537163500E0A378 /* Cortina.png in Resources */ = {isa = PBXBuildFile; fileRef = 8B3E27801537163500E0A378 /* Cortina.png */; };
		8B3E27CD1537163500E0A378 /* Cristales.png in Resources */ = {isa = PBXBuildFile; fileRef = 8B3E27811537163500E0A378 /* Cristales.png */; };
		8B3E27CE1537163500E0A378 /* Cuachalalate.png in Resources */ = {isa = PBXBuildFile; fileRef = 8B3E27821537163500E0A378 /* Cuachalalate.png */; };
		8B3E27CF1537163500E0A378 /* Desague.png in Resources */ = {isa = PBXBuildFile; fileRef = 8B3E27831537163500E0A378 /* Desague.png */; };
		8B3E27D01537163500E0A378 /* Escoba.png in Resources */ = {isa = PBXBuildFile; fileRef = 8B3E27841537163500E0A378 /* Escoba.png */; };
		8B3E27D11537163500E0A378 /* Estufa.png in Resources */ = {isa = PBXBuildFile; fileRef = 8B3E27851537163500E0A378 /* Estufa.png */; };
		8B3E27D21537163500E0A378 /* Gingivitis.png in Resources */ = {isa = PBXBuildFile; fileRef = 8B3E27861537163500E0A378 /* Gingivitis.png */; };
		8B3E27D31537163500E0A378 /* Hipertension.png in Resources */ = {isa = PBXBuildFile; fileRef = 8B3E27871537163500E0A378 /* Hipertension.png */; };
		8B3E27D41537163500E0A378 /* Indigestion.png in Resources */ = {isa = PBXBuildFile; fileRef = 8B3E27881537163500E0A378 /* Indigestion.png */; };
		8B3E27D51537163500E0A378 /* Inmunologico.png in Resources */ = {isa = PBXBuildFile; fileRef = 8B3E27891537163500E0A378 /* Inmunologico.png */; };
		8B3E27D61537163500E0A378 /* Insomnio.png in Resources */ = {isa = PBXBuildFile; fileRef = 8B3E278A1537163500E0A378 /* Insomnio.png */; };
		8B3E27D71537163500E0A378 /* Olla.png in Resources */ = {isa = PBXBuildFile; fileRef = 8B3E278B1537163500E0A378 /* Olla.png */; };
		8B3E27D81537163500E0A378 /* Recipientes.png in Resources */ = {isa = PBXBuildFile; fileRef = 8B3E278C1537163500E0A378 /* Recipientes.png */; };
		8B3E27D91537163500E0A378 /* Termo.png in Resources */ = {isa = PBXBuildFile; fileRef = 8B3E278D1537163500E0A378 /* Termo.png */; };
		8B3E27DA1537163500E0A378 /* Olla@2x.png in Resources */ = {isa = PBXBuildFile; fileRef = 8B3E278E1537163500E0A378 /* Olla@2x.png */; };
		8B3E27DB1537163500E0A378 /* Recipientes@2x.png in Resources */ = {isa = PBXBuildFile; fileRef = 8B3E278F1537163500E0A378 /* Recipientes@2x.png */; };
		8B3E27DC1537163500E0A378 /* Termo@2x.png in Resources */ = {isa = PBXBuildFile; fileRef = 8B3E27901537163500E0A378 /* Termo@2x.png */; };
		8B3E27DE1537181300E0A378 /* Sonrisa@2x.png in Resources */ = {isa = PBXBuildFile; fileRef = 8B3E27DD1537181300E0A378 /* Sonrisa@2x.png */; };
		8B3E27E01537182700E0A378 /* Sonrisa.png in Resources */ = {isa = PBXBuildFile; fileRef = 8B3E27DF1537182700E0A378 /* Sonrisa.png */; };
		8B3E282A15377DD600E0A378 /* Cardamomo.png in Resources */ = {isa = PBXBuildFile; fileRef = 8B3E281F15377DD600E0A378 /* Cardamomo.png */; };
		8B3E282B15377DD600E0A378 /* Clavo.png in Resources */ = {isa = PBXBuildFile; fileRef = 8B3E282015377DD600E0A378 /* Clavo.png */; };
		8B3E282C15377DD600E0A378 /* Diente.png in Resources */ = {isa = PBXBuildFile; fileRef = 8B3E282115377DD600E0A378 /* Diente.png */; };
		8B3E282D15377DD600E0A378 /* Ginseng.png in Resources */ = {isa = PBXBuildFile; fileRef = 8B3E282215377DD600E0A378 /* Ginseng.png */; };
		8B3E282E15377DD600E0A378 /* Manzanilla.png in Resources */ = {isa = PBXBuildFile; fileRef = 8B3E282315377DD600E0A378 /* Manzanilla.png */; };
		8B3E282F15377DD600E0A378 /* Ñame.png in Resources */ = {isa = PBXBuildFile; fileRef = 8B3E282415377DD600E0A378 /* Ñame.png */; };
		8B3E283015377DD600E0A378 /* Perejil.png in Resources */ = {isa = PBXBuildFile; fileRef = 8B3E282515377DD600E0A378 /* Perejil.png */; };
		8B3E283115377DD600E0A378 /* Sauce.png in Resources */ = {isa = PBXBuildFile; fileRef = 8B3E282615377DD600E0A378 /* Sauce.png */; };
		8B3E283215377DD600E0A378 /* Valeriana.png in Resources */ = {isa = PBXBuildFile; fileRef = 8B3E282715377DD600E0A378 /* Valeriana.png */; };
		8B3E283315377DD600E0A378 /* Verbena.png in Resources */ = {isa = PBXBuildFile; fileRef = 8B3E282815377DD600E0A378 /* Verbena.png */; };
		8B3E283415377DD600E0A378 /* Violeta.png in Resources */ = {isa = PBXBuildFile; fileRef = 8B3E282915377DD600E0A378 /* Violeta.png */; };
		8B3E283C15377E2200E0A378 /* Cardamomo@2x.png in Resources */ = {isa = PBXBuildFile; fileRef = 8B3E283615377E2200E0A378 /* Cardamomo@2x.png */; };
		8B3E283D15377E2200E0A378 /* Clavo@2x.png in Resources */ = {isa = PBXBuildFile; fileRef = 8B3E283715377E2200E0A378 /* Clavo@2x.png */; };
		8B3E283E15377E2200E0A378 /* Diente@2x.png in Resources */ = {isa = PBXBuildFile; fileRef = 8B3E283815377E2200E0A378 /* Diente@2x.png */; };
		8B3E283F15377E2200E0A378 /* Ginseng@2x.png in Resources */ = {isa = PBXBuildFile; fileRef = 8B3E283915377E2200E0A378 /* Ginseng@2x.png */; };
		8B3E284015377E2200E0A378 /* Manzanilla@2x.png in Resources */ = {isa = PBXBuildFile; fileRef = 8B3E283A15377E2200E0A378 /* Manzanilla@2x.png */; };
		8B3E284115377E2200E0A378 /* Ñame@2x.png in Resources */ = {isa = PBXBuildFile; fileRef = 8B3E283B15377E2200E0A378 /* Ñame@2x.png */; };
		8B3E284715377E3600E0A378 /* Perejil@2x.png in Resources */ = {isa = PBXBuildFile; fileRef = 8B3E284215377E3600E0A378 /* Perejil@2x.png */; };
		8B3E284815377E3600E0A378 /* Sauce@2x.png in Resources */ = {isa = PBXBuildFile; fileRef = 8B3E284315377E3600E0A378 /* Sauce@2x.png */; };
		8B3E284915377E3600E0A378 /* Valeriana@2x.png in Resources */ = {isa = PBXBuildFile; fileRef = 8B3E284415377E3600E0A378 /* Valeriana@2x.png */; };
		8B3E284A15377E3600E0A378 /* Verbena@2x.png in Resources */ = {isa = PBXBuildFile; fileRef = 8B3E284515377E3600E0A378 /* Verbena@2x.png */; };
		8B3E284B15377E3600E0A378 /* Violeta@2x.png in Resources */ = {isa = PBXBuildFile; fileRef = 8B3E284615377E3600E0A378 /* Violeta@2x.png */; };
		9AE8D0D515334E68008FEDBB /* Twitter.framework in Frameworks */ = {isa = PBXBuildFile; fileRef = 9AE8D0D415334E68008FEDBB /* Twitter.framework */; };
		9AE8D0D815334E73008FEDBB /* MessageUI.framework in Frameworks */ = {isa = PBXBuildFile; fileRef = 9AE8D0D715334E73008FEDBB /* MessageUI.framework */; };
		9AEA5F6A1533504600A9E703 /* FacebookMethods.m in Sources */ = {isa = PBXBuildFile; fileRef = 9AEA5F691533504600A9E703 /* FacebookMethods.m */; };
		9AEA5F911533505300A9E703 /* Facebook.m in Sources */ = {isa = PBXBuildFile; fileRef = 9AEA5F741533505300A9E703 /* Facebook.m */; };
		9AEA5F921533505300A9E703 /* FBDialog.bundle in Resources */ = {isa = PBXBuildFile; fileRef = 9AEA5F771533505300A9E703 /* FBDialog.bundle */; };
		9AEA5F931533505300A9E703 /* FBDialog.m in Sources */ = {isa = PBXBuildFile; fileRef = 9AEA5F791533505300A9E703 /* FBDialog.m */; };
		9AEA5F941533505300A9E703 /* FBFrictionlessRequestSettings.m in Sources */ = {isa = PBXBuildFile; fileRef = 9AEA5F7B1533505300A9E703 /* FBFrictionlessRequestSettings.m */; };
		9AEA5F951533505300A9E703 /* FBLoginDialog.m in Sources */ = {isa = PBXBuildFile; fileRef = 9AEA5F7D1533505300A9E703 /* FBLoginDialog.m */; };
		9AEA5F961533505300A9E703 /* FBRequest.m in Sources */ = {isa = PBXBuildFile; fileRef = 9AEA5F7F1533505300A9E703 /* FBRequest.m */; };
		9AEA5F971533505300A9E703 /* NSObject+SBJSON.m in Sources */ = {isa = PBXBuildFile; fileRef = 9AEA5F831533505300A9E703 /* NSObject+SBJSON.m */; };
		9AEA5F981533505300A9E703 /* NSString+SBJSON.m in Sources */ = {isa = PBXBuildFile; fileRef = 9AEA5F851533505300A9E703 /* NSString+SBJSON.m */; };
		9AEA5F991533505300A9E703 /* SBJSON.m in Sources */ = {isa = PBXBuildFile; fileRef = 9AEA5F871533505300A9E703 /* SBJSON.m */; };
		9AEA5F9A1533505300A9E703 /* SBJsonBase.m in Sources */ = {isa = PBXBuildFile; fileRef = 9AEA5F891533505300A9E703 /* SBJsonBase.m */; };
		9AEA5F9B1533505300A9E703 /* SBJsonParser.m in Sources */ = {isa = PBXBuildFile; fileRef = 9AEA5F8B1533505300A9E703 /* SBJsonParser.m */; };
		9AEA5F9C1533505300A9E703 /* SBJsonWriter.m in Sources */ = {isa = PBXBuildFile; fileRef = 9AEA5F8D1533505300A9E703 /* SBJsonWriter.m */; };
		D90882E41520D87A00AB7AEB /* detalleViewController.m in Sources */ = {isa = PBXBuildFile; fileRef = D90882E21520D87A00AB7AEB /* detalleViewController.m */; };
		D90882E51520D87A00AB7AEB /* detalleViewController.xib in Resources */ = {isa = PBXBuildFile; fileRef = D90882E31520D87A00AB7AEB /* detalleViewController.xib */; };
		D91EA935151A702D00EACB54 /* TestData.m in Sources */ = {isa = PBXBuildFile; fileRef = D91EA934151A702D00EACB54 /* TestData.m */; };
		D93A59FA152A1B5E0012B9F8 /* ComprasViewController.m in Sources */ = {isa = PBXBuildFile; fileRef = D93A59F8152A1B5D0012B9F8 /* ComprasViewController.m */; };
		D93A59FB152A1B5E0012B9F8 /* ComprasViewController.xib in Resources */ = {isa = PBXBuildFile; fileRef = D93A59F9152A1B5E0012B9F8 /* ComprasViewController.xib */; };
		D95B22F5152C9DFB0026C40E /* marca_llena_compras.png in Resources */ = {isa = PBXBuildFile; fileRef = D95B22F4152C9DFB0026C40E /* marca_llena_compras.png */; };
		D964C3B1152CEB7C00860E0E /* fondo_compras@2x.png in Resources */ = {isa = PBXBuildFile; fileRef = D964C3B0152CEB7C00860E0E /* fondo_compras@2x.png */; };
		D9868B371522555B00AEBE4D /* detalleGlosarioViewController.m in Sources */ = {isa = PBXBuildFile; fileRef = D9868B351522555B00AEBE4D /* detalleGlosarioViewController.m */; };
		D9868B381522555B00AEBE4D /* detalleGlosarioViewController.xib in Resources */ = {isa = PBXBuildFile; fileRef = D9868B361522555B00AEBE4D /* detalleGlosarioViewController.xib */; };
		D990C13A152B5F1C004F6B73 /* icono_compras_tab@2x.png in Resources */ = {isa = PBXBuildFile; fileRef = D990C137152B5F1C004F6B73 /* icono_compras_tab@2x.png */; };
		D990C13B152B5F1C004F6B73 /* icono_glosario_tab@2x.png in Resources */ = {isa = PBXBuildFile; fileRef = D990C138152B5F1C004F6B73 /* icono_glosario_tab@2x.png */; };
		D990C13C152B5F1C004F6B73 /* icono_remedios_tab@2x.png in Resources */ = {isa = PBXBuildFile; fileRef = D990C139152B5F1C004F6B73 /* icono_remedios_tab@2x.png */; };
		D990C141152B60C0004F6B73 /* icono_compras_tab.png in Resources */ = {isa = PBXBuildFile; fileRef = D990C13E152B60C0004F6B73 /* icono_compras_tab.png */; };
		D990C142152B60C0004F6B73 /* icono_glosario_tab.png in Resources */ = {isa = PBXBuildFile; fileRef = D990C13F152B60C0004F6B73 /* icono_glosario_tab.png */; };
		D990C143152B60C0004F6B73 /* icono_remedios_tab.png in Resources */ = {isa = PBXBuildFile; fileRef = D990C140152B60C0004F6B73 /* icono_remedios_tab.png */; };
		D990C146152B66D3004F6B73 /* marca_vacia_compras.png in Resources */ = {isa = PBXBuildFile; fileRef = D990C144152B66D3004F6B73 /* marca_vacia_compras.png */; };
		D990C147152B66D3004F6B73 /* marca_vacia_compras@2x.png in Resources */ = {isa = PBXBuildFile; fileRef = D990C145152B66D3004F6B73 /* marca_vacia_compras@2x.png */; };
		D990C14D152B7641004F6B73 /* icono_compartir_detalleremedio.png in Resources */ = {isa = PBXBuildFile; fileRef = D990C14C152B7641004F6B73 /* icono_compartir_detalleremedio.png */; };
		D990C14F152B7779004F6B73 /* icono_basura_compras.png in Resources */ = {isa = PBXBuildFile; fileRef = D990C14E152B7779004F6B73 /* icono_basura_compras.png */; };
		D990C151152B7EE0004F6B73 /* fondo_compras.png in Resources */ = {isa = PBXBuildFile; fileRef = D990C150152B7EE0004F6B73 /* fondo_compras.png */; };
		D990C157152B8AF3004F6B73 /* fondo_general@2x.png in Resources */ = {isa = PBXBuildFile; fileRef = D990C156152B8AF3004F6B73 /* fondo_general@2x.png */; };
		D990C162152B9116004F6B73 /* foto_celda_glosario.png in Resources */ = {isa = PBXBuildFile; fileRef = D990C158152B9115004F6B73 /* foto_celda_glosario.png */; };
		D990C163152B9116004F6B73 /* foto_celda_glosario@2x.png in Resources */ = {isa = PBXBuildFile; fileRef = D990C159152B9115004F6B73 /* foto_celda_glosario@2x.png */; };
		D990C164152B9116004F6B73 /* foto_celda_remedios.png in Resources */ = {isa = PBXBuildFile; fileRef = D990C15A152B9115004F6B73 /* foto_celda_remedios.png */; };
		D990C165152B9116004F6B73 /* foto_celda_remedios@2x.png in Resources */ = {isa = PBXBuildFile; fileRef = D990C15B152B9115004F6B73 /* foto_celda_remedios@2x.png */; };
		D990C166152B9116004F6B73 /* foto_detalleglosario.png in Resources */ = {isa = PBXBuildFile; fileRef = D990C15C152B9116004F6B73 /* foto_detalleglosario.png */; };
		D990C167152B9116004F6B73 /* foto_detalleglosario@2x.png in Resources */ = {isa = PBXBuildFile; fileRef = D990C15D152B9116004F6B73 /* foto_detalleglosario@2x.png */; };
		D990C168152B9116004F6B73 /* foto_detalleremedio.png in Resources */ = {isa = PBXBuildFile; fileRef = D990C15E152B9116004F6B73 /* foto_detalleremedio.png */; };
		D990C169152B9116004F6B73 /* foto_detalleremedio@2x.png in Resources */ = {isa = PBXBuildFile; fileRef = D990C15F152B9116004F6B73 /* foto_detalleremedio@2x.png */; };
		D990C16A152B9116004F6B73 /* foto2_celda_remedios.png in Resources */ = {isa = PBXBuildFile; fileRef = D990C160152B9116004F6B73 /* foto2_celda_remedios.png */; };
		D990C16B152B9116004F6B73 /* foto2_celda_remedios@2x.png in Resources */ = {isa = PBXBuildFile; fileRef = D990C161152B9116004F6B73 /* foto2_celda_remedios@2x.png */; };
		D9BD7C12152231CA007162AD /* glosarioViewController.m in Sources */ = {isa = PBXBuildFile; fileRef = D9BD7C10152231CA007162AD /* glosarioViewController.m */; };
		D9BD7C13152231CA007162AD /* glosarioViewController.xib in Resources */ = {isa = PBXBuildFile; fileRef = D9BD7C11152231CA007162AD /* glosarioViewController.xib */; };
		D9C4F52A152CEBC300533412 /* fondo_general.png in Resources */ = {isa = PBXBuildFile; fileRef = D9C4F529152CEBC300533412 /* fondo_general.png */; };
		D9DC36BE1537358B0024AED0 /* Remedios.m in Sources */ = {isa = PBXBuildFile; fileRef = D9DC36BD1537358B0024AED0 /* Remedios.m */; };
		D9DC36C1153735970024AED0 /* Glosario.m in Sources */ = {isa = PBXBuildFile; fileRef = D9DC36C0153735970024AED0 /* Glosario.m */; };
		D9E87F77152CEA79004E2081 /* icono_basura_compras@2x.png in Resources */ = {isa = PBXBuildFile; fileRef = D9E87F76152CEA79004E2081 /* icono_basura_compras@2x.png */; };
		D9E87F7A152CEA87004E2081 /* icono_compartir_detalleremedio@2x.png in Resources */ = {isa = PBXBuildFile; fileRef = D9E87F79152CEA87004E2081 /* icono_compartir_detalleremedio@2x.png */; };
		D9E87F80152CEAD7004E2081 /* marca_llena_compras@2x.png in Resources */ = {isa = PBXBuildFile; fileRef = D9E87F7F152CEAD7004E2081 /* marca_llena_compras@2x.png */; };
		D9F89BFF1519268C00DDCBAC /* Model.xcdatamodeld in Sources */ = {isa = PBXBuildFile; fileRef = D9F89BFD1519268C00DDCBAC /* Model.xcdatamodeld */; };
		D9F89C02151927BE00DDCBAC /* CoreData.framework in Frameworks */ = {isa = PBXBuildFile; fileRef = D9F89C01151927BE00DDCBAC /* CoreData.framework */; };
/* End PBXBuildFile section */

/* Begin PBXFileReference section */
		0662491F14A8F2A800FDAFA7 /* RemediosCaseros.app */ = {isa = PBXFileReference; explicitFileType = wrapper.application; includeInIndex = 0; path = RemediosCaseros.app; sourceTree = BUILT_PRODUCTS_DIR; };
		0662492314A8F2A800FDAFA7 /* UIKit.framework */ = {isa = PBXFileReference; lastKnownFileType = wrapper.framework; name = UIKit.framework; path = System/Library/Frameworks/UIKit.framework; sourceTree = SDKROOT; };
		0662492514A8F2A800FDAFA7 /* Foundation.framework */ = {isa = PBXFileReference; lastKnownFileType = wrapper.framework; name = Foundation.framework; path = System/Library/Frameworks/Foundation.framework; sourceTree = SDKROOT; };
		0662492714A8F2A800FDAFA7 /* CoreGraphics.framework */ = {isa = PBXFileReference; lastKnownFileType = wrapper.framework; name = CoreGraphics.framework; path = System/Library/Frameworks/CoreGraphics.framework; sourceTree = SDKROOT; };
		0662492B14A8F2A900FDAFA7 /* RemediosCaseros-Info.plist */ = {isa = PBXFileReference; lastKnownFileType = text.plist.xml; path = "RemediosCaseros-Info.plist"; sourceTree = "<group>"; };
		0662492D14A8F2A900FDAFA7 /* en */ = {isa = PBXFileReference; lastKnownFileType = text.plist.strings; name = en; path = en.lproj/InfoPlist.strings; sourceTree = "<group>"; };
		0662492F14A8F2A900FDAFA7 /* main.m */ = {isa = PBXFileReference; lastKnownFileType = sourcecode.c.objc; path = main.m; sourceTree = "<group>"; };
		0662493114A8F2A900FDAFA7 /* RemediosCaseros-Prefix.pch */ = {isa = PBXFileReference; lastKnownFileType = sourcecode.c.h; path = "RemediosCaseros-Prefix.pch"; sourceTree = "<group>"; };
		0662493214A8F2A900FDAFA7 /* AppDelegate.h */ = {isa = PBXFileReference; lastKnownFileType = sourcecode.c.h; path = AppDelegate.h; sourceTree = "<group>"; };
		0662493314A8F2A900FDAFA7 /* AppDelegate.m */ = {isa = PBXFileReference; lastKnownFileType = sourcecode.c.objc; path = AppDelegate.m; sourceTree = "<group>"; };
		0662493814A8F2A900FDAFA7 /* first.png */ = {isa = PBXFileReference; lastKnownFileType = image.png; path = first.png; sourceTree = "<group>"; };
		0662493A14A8F2A900FDAFA7 /* first@2x.png */ = {isa = PBXFileReference; lastKnownFileType = image.png; path = "first@2x.png"; sourceTree = "<group>"; };
		0662493F14A8F2A900FDAFA7 /* second.png */ = {isa = PBXFileReference; lastKnownFileType = image.png; path = second.png; sourceTree = "<group>"; };
		0662494114A8F2A900FDAFA7 /* second@2x.png */ = {isa = PBXFileReference; lastKnownFileType = image.png; path = "second@2x.png"; sourceTree = "<group>"; };
		06624A2014ABA1B100FDAFA7 /* glosario.plist */ = {isa = PBXFileReference; fileEncoding = 4; lastKnownFileType = text.plist.xml; path = glosario.plist; sourceTree = "<group>"; };
		06624A2414ABA1B100FDAFA7 /* lasdo.plist */ = {isa = PBXFileReference; fileEncoding = 4; lastKnownFileType = text.plist.xml; path = lasdo.plist; sourceTree = "<group>"; };
		06624A3314ABA20300FDAFA7 /* glosario.png */ = {isa = PBXFileReference; lastKnownFileType = image.png; path = glosario.png; sourceTree = "<group>"; };
		06624A3714ABA20300FDAFA7 /* receta.png */ = {isa = PBXFileReference; lastKnownFileType = image.png; path = receta.png; sourceTree = "<group>"; };
		06624A3A14ABA20300FDAFA7 /* RootViewController.h */ = {isa = PBXFileReference; fileEncoding = 4; lastKnownFileType = sourcecode.c.h; path = RootViewController.h; sourceTree = "<group>"; };
		06624A3B14ABA20300FDAFA7 /* RootViewController.m */ = {isa = PBXFileReference; fileEncoding = 4; lastKnownFileType = sourcecode.c.objc; path = RootViewController.m; sourceTree = "<group>"; };
		06624A3C14ABA20300FDAFA7 /* RootViewController.xib */ = {isa = PBXFileReference; fileEncoding = 4; lastKnownFileType = file.xib; path = RootViewController.xib; sourceTree = "<group>"; };
		06624A3D14ABA20300FDAFA7 /* tweet.png */ = {isa = PBXFileReference; lastKnownFileType = image.png; path = tweet.png; sourceTree = "<group>"; };
		06E99CA9152CCE960024BBD6 /* remedios_57x57.png */ = {isa = PBXFileReference; lastKnownFileType = image.png; path = remedios_57x57.png; sourceTree = "<group>"; };
		06E99CAA152CCE960024BBD6 /* remedios_114x114.png */ = {isa = PBXFileReference; lastKnownFileType = image.png; path = remedios_114x114.png; sourceTree = "<group>"; };
		06E99CAE152CCED40024BBD6 /* remedios_57x57.png */ = {isa = PBXFileReference; lastKnownFileType = image.png; path = remedios_57x57.png; sourceTree = "<group>"; };
		06E99CB0152CCED90024BBD6 /* remedios_114x114.png */ = {isa = PBXFileReference; lastKnownFileType = image.png; path = remedios_114x114.png; sourceTree = "<group>"; };
		122C8E3B156D545300EB3A17 /* CFNetwork.framework */ = {isa = PBXFileReference; lastKnownFileType = wrapper.framework; name = CFNetwork.framework; path = System/Library/Frameworks/CFNetwork.framework; sourceTree = SDKROOT; };
		122C8E3E156D545C00EB3A17 /* libsqlite3.0.dylib */ = {isa = PBXFileReference; lastKnownFileType = "compiled.mach-o.dylib"; name = libsqlite3.0.dylib; path = usr/lib/libsqlite3.0.dylib; sourceTree = SDKROOT; };
		122C8E41156D551F00EB3A17 /* Analytics.h */ = {isa = PBXFileReference; fileEncoding = 4; lastKnownFileType = sourcecode.c.h; path = Analytics.h; sourceTree = "<group>"; };
		122C8E42156D551F00EB3A17 /* Analytics.m */ = {isa = PBXFileReference; fileEncoding = 4; lastKnownFileType = sourcecode.c.objc; path = Analytics.m; sourceTree = "<group>"; };
		122C8E43156D551F00EB3A17 /* GANTracker.h */ = {isa = PBXFileReference; fileEncoding = 4; lastKnownFileType = sourcecode.c.h; path = GANTracker.h; sourceTree = "<group>"; };
		122C8E44156D551F00EB3A17 /* libGoogleAnalytics.a */ = {isa = PBXFileReference; lastKnownFileType = archive.ar; path = libGoogleAnalytics.a; sourceTree = "<group>"; };
		122C8E45156D551F00EB3A17 /* libGoogleAnalytics_NoThumb.a */ = {isa = PBXFileReference; lastKnownFileType = archive.ar; path = libGoogleAnalytics_NoThumb.a; sourceTree = "<group>"; };
		8B335C77153DE41F0041D1C4 /* RemediosCaseros.sqlite */ = {isa = PBXFileReference; lastKnownFileType = file; path = RemediosCaseros.sqlite; sourceTree = "<group>"; };
		8B335C96153DF9910041D1C4 /* SystemConfiguration.framework */ = {isa = PBXFileReference; lastKnownFileType = wrapper.framework; name = SystemConfiguration.framework; path = System/Library/Frameworks/SystemConfiguration.framework; sourceTree = SDKROOT; };
		8B335CA0153E0D9A0041D1C4 /* generico_glosario.png */ = {isa = PBXFileReference; lastKnownFileType = image.png; path = generico_glosario.png; sourceTree = "<group>"; };
		8B335CA1153E0D9A0041D1C4 /* generico_glosario@2x.png */ = {isa = PBXFileReference; lastKnownFileType = image.png; path = "generico_glosario@2x.png"; sourceTree = "<group>"; };
		8B335CA2153E0D9A0041D1C4 /* generico_remedio.png */ = {isa = PBXFileReference; lastKnownFileType = image.png; path = generico_remedio.png; sourceTree = "<group>"; };
		8B335CA3153E0D9A0041D1C4 /* generico_remedio@2x.png */ = {isa = PBXFileReference; lastKnownFileType = image.png; path = "generico_remedio@2x.png"; sourceTree = "<group>"; };
		8B3E27421537163500E0A378 /* Ajo@2x.png */ = {isa = PBXFileReference; lastKnownFileType = image.png; path = "Ajo@2x.png"; sourceTree = "<group>"; };
		8B3E27431537163500E0A378 /* Alcachofa@2x.png */ = {isa = PBXFileReference; lastKnownFileType = image.png; path = "Alcachofa@2x.png"; sourceTree = "<group>"; };
		8B3E27441537163500E0A378 /* Alfalfa@2x.png */ = {isa = PBXFileReference; lastKnownFileType = image.png; path = "Alfalfa@2x.png"; sourceTree = "<group>"; };
		8B3E27451537163500E0A378 /* Alfombras@2x.png */ = {isa = PBXFileReference; lastKnownFileType = image.png; path = "Alfombras@2x.png"; sourceTree = "<group>"; };
		8B3E27461537163500E0A378 /* Aloe@2x.png */ = {isa = PBXFileReference; lastKnownFileType = image.png; path = "Aloe@2x.png"; sourceTree = "<group>"; };
		8B3E27471537163500E0A378 /* Arnica@2x.png */ = {isa = PBXFileReference; lastKnownFileType = image.png; path = "Arnica@2x.png"; sourceTree = "<group>"; };
		8B3E27481537163500E0A378 /* Artritis@2x.png */ = {isa = PBXFileReference; lastKnownFileType = image.png; path = "Artritis@2x.png"; sourceTree = "<group>"; };
		8B3E27491537163500E0A378 /* Avena@2x.png */ = {isa = PBXFileReference; lastKnownFileType = image.png; path = "Avena@2x.png"; sourceTree = "<group>"; };
		8B3E274A1537163500E0A378 /* Azulejos@2x.png */ = {isa = PBXFileReference; lastKnownFileType = image.png; path = "Azulejos@2x.png"; sourceTree = "<group>"; };
		8B3E274C1537163500E0A378 /* Acne@2x.png */ = {isa = PBXFileReference; lastKnownFileType = image.png; path = "Acne@2x.png"; sourceTree = "<group>"; };
		8B3E274D1537163500E0A378 /* Arrugas@2x.png */ = {isa = PBXFileReference; lastKnownFileType = image.png; path = "Arrugas@2x.png"; sourceTree = "<group>"; };
		8B3E274E1537163500E0A378 /* Graso@2x.png */ = {isa = PBXFileReference; lastKnownFileType = image.png; path = "Graso@2x.png"; sourceTree = "<group>"; };
		8B3E274F1537163500E0A378 /* Mascarilla@2x.png */ = {isa = PBXFileReference; lastKnownFileType = image.png; path = "Mascarilla@2x.png"; sourceTree = "<group>"; };
		8B3E27511537163500E0A378 /* Acne.png */ = {isa = PBXFileReference; lastKnownFileType = image.png; path = Acne.png; sourceTree = "<group>"; };
		8B3E27521537163500E0A378 /* Arrugas.png */ = {isa = PBXFileReference; lastKnownFileType = image.png; path = Arrugas.png; sourceTree = "<group>"; };
		8B3E27531537163500E0A378 /* Graso.png */ = {isa = PBXFileReference; lastKnownFileType = image.png; path = Graso.png; sourceTree = "<group>"; };
		8B3E27541537163500E0A378 /* Mascarilla.png */ = {isa = PBXFileReference; lastKnownFileType = image.png; path = Mascarilla.png; sourceTree = "<group>"; };
		8B3E27551537163500E0A378 /* Pelo.png */ = {isa = PBXFileReference; lastKnownFileType = image.png; path = Pelo.png; sourceTree = "<group>"; };
		8B3E27561537163500E0A378 /* Piel.png */ = {isa = PBXFileReference; lastKnownFileType = image.png; path = Piel.png; sourceTree = "<group>"; };
		8B3E27571537163500E0A378 /* Rostro.png */ = {isa = PBXFileReference; lastKnownFileType = image.png; path = Rostro.png; sourceTree = "<group>"; };
		8B3E27581537163500E0A378 /* Seco.png */ = {isa = PBXFileReference; lastKnownFileType = image.png; path = Seco.png; sourceTree = "<group>"; };
		8B3E27591537163500E0A378 /* Uñas.png */ = {isa = PBXFileReference; lastKnownFileType = image.png; path = "Uñas.png"; sourceTree = "<group>"; };
		8B3E275A1537163500E0A378 /* Pelo@2x.png */ = {isa = PBXFileReference; lastKnownFileType = image.png; path = "Pelo@2x.png"; sourceTree = "<group>"; };
		8B3E275B1537163500E0A378 /* Piel@2x.png */ = {isa = PBXFileReference; lastKnownFileType = image.png; path = "Piel@2x.png"; sourceTree = "<group>"; };
		8B3E275C1537163500E0A378 /* Rostro@2x.png */ = {isa = PBXFileReference; lastKnownFileType = image.png; path = "Rostro@2x.png"; sourceTree = "<group>"; };
		8B3E275D1537163500E0A378 /* Seco@2x.png */ = {isa = PBXFileReference; lastKnownFileType = image.png; path = "Seco@2x.png"; sourceTree = "<group>"; };
		8B3E275E1537163500E0A378 /* Uñas@2x.png */ = {isa = PBXFileReference; lastKnownFileType = image.png; path = "Uñas@2x.png"; sourceTree = "<group>"; };
		8B3E275F1537163500E0A378 /* Canela@2x.png */ = {isa = PBXFileReference; lastKnownFileType = image.png; path = "Canela@2x.png"; sourceTree = "<group>"; };
		8B3E27601537163500E0A378 /* Chia@2x.png */ = {isa = PBXFileReference; lastKnownFileType = image.png; path = "Chia@2x.png"; sourceTree = "<group>"; };
		8B3E27611537163500E0A378 /* Colesterol@2x.png */ = {isa = PBXFileReference; lastKnownFileType = image.png; path = "Colesterol@2x.png"; sourceTree = "<group>"; };
		8B3E27621537163500E0A378 /* Colitis@2x.png */ = {isa = PBXFileReference; lastKnownFileType = image.png; path = "Colitis@2x.png"; sourceTree = "<group>"; };
		8B3E27631537163500E0A378 /* Conjuntivitis@2x.png */ = {isa = PBXFileReference; lastKnownFileType = image.png; path = "Conjuntivitis@2x.png"; sourceTree = "<group>"; };
		8B3E27641537163500E0A378 /* Corazon@2x.png */ = {isa = PBXFileReference; lastKnownFileType = image.png; path = "Corazon@2x.png"; sourceTree = "<group>"; };
		8B3E27651537163500E0A378 /* Cortina@2x.png */ = {isa = PBXFileReference; lastKnownFileType = image.png; path = "Cortina@2x.png"; sourceTree = "<group>"; };
		8B3E27661537163500E0A378 /* Cristales@2x.png */ = {isa = PBXFileReference; lastKnownFileType = image.png; path = "Cristales@2x.png"; sourceTree = "<group>"; };
		8B3E27671537163500E0A378 /* Cuachalalate@2x.png */ = {isa = PBXFileReference; lastKnownFileType = image.png; path = "Cuachalalate@2x.png"; sourceTree = "<group>"; };
		8B3E27681537163500E0A378 /* Desague@2x.png */ = {isa = PBXFileReference; lastKnownFileType = image.png; path = "Desague@2x.png"; sourceTree = "<group>"; };
		8B3E27691537163500E0A378 /* Escoba@2x.png */ = {isa = PBXFileReference; lastKnownFileType = image.png; path = "Escoba@2x.png"; sourceTree = "<group>"; };
		8B3E276A1537163500E0A378 /* Estufa@2x.png */ = {isa = PBXFileReference; lastKnownFileType = image.png; path = "Estufa@2x.png"; sourceTree = "<group>"; };
		8B3E276B1537163500E0A378 /* Gingivitis@2x.png */ = {isa = PBXFileReference; lastKnownFileType = image.png; path = "Gingivitis@2x.png"; sourceTree = "<group>"; };
		8B3E276C1537163500E0A378 /* Hipertension@2x.png */ = {isa = PBXFileReference; lastKnownFileType = image.png; path = "Hipertension@2x.png"; sourceTree = "<group>"; };
		8B3E276D1537163500E0A378 /* Indigestion@2x.png */ = {isa = PBXFileReference; lastKnownFileType = image.png; path = "Indigestion@2x.png"; sourceTree = "<group>"; };
		8B3E276E1537163500E0A378 /* Inmunologico@2x.png */ = {isa = PBXFileReference; lastKnownFileType = image.png; path = "Inmunologico@2x.png"; sourceTree = "<group>"; };
		8B3E276F1537163500E0A378 /* Insomnio@2x.png */ = {isa = PBXFileReference; lastKnownFileType = image.png; path = "Insomnio@2x.png"; sourceTree = "<group>"; };
		8B3E27711537163500E0A378 /* Ajo.png */ = {isa = PBXFileReference; lastKnownFileType = image.png; path = Ajo.png; sourceTree = "<group>"; };
		8B3E27721537163500E0A378 /* Alcachofa.png */ = {isa = PBXFileReference; lastKnownFileType = image.png; path = Alcachofa.png; sourceTree = "<group>"; };
		8B3E27731537163500E0A378 /* Alfalfa.png */ = {isa = PBXFileReference; lastKnownFileType = image.png; path = Alfalfa.png; sourceTree = "<group>"; };
		8B3E27741537163500E0A378 /* Alfombras.png */ = {isa = PBXFileReference; lastKnownFileType = image.png; path = Alfombras.png; sourceTree = "<group>"; };
		8B3E27751537163500E0A378 /* Aloe.png */ = {isa = PBXFileReference; lastKnownFileType = image.png; path = Aloe.png; sourceTree = "<group>"; };
		8B3E27761537163500E0A378 /* Arnica.png */ = {isa = PBXFileReference; lastKnownFileType = image.png; path = Arnica.png; sourceTree = "<group>"; };
		8B3E27771537163500E0A378 /* Artritis.png */ = {isa = PBXFileReference; lastKnownFileType = image.png; path = Artritis.png; sourceTree = "<group>"; };
		8B3E27781537163500E0A378 /* Avena.png */ = {isa = PBXFileReference; lastKnownFileType = image.png; path = Avena.png; sourceTree = "<group>"; };
		8B3E27791537163500E0A378 /* Azulejos.png */ = {isa = PBXFileReference; lastKnownFileType = image.png; path = Azulejos.png; sourceTree = "<group>"; };
		8B3E277A1537163500E0A378 /* Canela.png */ = {isa = PBXFileReference; lastKnownFileType = image.png; path = Canela.png; sourceTree = "<group>"; };
		8B3E277B1537163500E0A378 /* Chia.png */ = {isa = PBXFileReference; lastKnownFileType = image.png; path = Chia.png; sourceTree = "<group>"; };
		8B3E277C1537163500E0A378 /* Colesterol.png */ = {isa = PBXFileReference; lastKnownFileType = image.png; path = Colesterol.png; sourceTree = "<group>"; };
		8B3E277D1537163500E0A378 /* Colitis.png */ = {isa = PBXFileReference; lastKnownFileType = image.png; path = Colitis.png; sourceTree = "<group>"; };
		8B3E277E1537163500E0A378 /* Conjuntivitis.png */ = {isa = PBXFileReference; lastKnownFileType = image.png; path = Conjuntivitis.png; sourceTree = "<group>"; };
		8B3E277F1537163500E0A378 /* Corazon.png */ = {isa = PBXFileReference; lastKnownFileType = image.png; path = Corazon.png; sourceTree = "<group>"; };
		8B3E27801537163500E0A378 /* Cortina.png */ = {isa = PBXFileReference; lastKnownFileType = image.png; path = Cortina.png; sourceTree = "<group>"; };
		8B3E27811537163500E0A378 /* Cristales.png */ = {isa = PBXFileReference; lastKnownFileType = image.png; path = Cristales.png; sourceTree = "<group>"; };
		8B3E27821537163500E0A378 /* Cuachalalate.png */ = {isa = PBXFileReference; lastKnownFileType = image.png; path = Cuachalalate.png; sourceTree = "<group>"; };
		8B3E27831537163500E0A378 /* Desague.png */ = {isa = PBXFileReference; lastKnownFileType = image.png; path = Desague.png; sourceTree = "<group>"; };
		8B3E27841537163500E0A378 /* Escoba.png */ = {isa = PBXFileReference; lastKnownFileType = image.png; path = Escoba.png; sourceTree = "<group>"; };
		8B3E27851537163500E0A378 /* Estufa.png */ = {isa = PBXFileReference; lastKnownFileType = image.png; path = Estufa.png; sourceTree = "<group>"; };
		8B3E27861537163500E0A378 /* Gingivitis.png */ = {isa = PBXFileReference; lastKnownFileType = image.png; path = Gingivitis.png; sourceTree = "<group>"; };
		8B3E27871537163500E0A378 /* Hipertension.png */ = {isa = PBXFileReference; lastKnownFileType = image.png; path = Hipertension.png; sourceTree = "<group>"; };
		8B3E27881537163500E0A378 /* Indigestion.png */ = {isa = PBXFileReference; lastKnownFileType = image.png; path = Indigestion.png; sourceTree = "<group>"; };
		8B3E27891537163500E0A378 /* Inmunologico.png */ = {isa = PBXFileReference; lastKnownFileType = image.png; path = Inmunologico.png; sourceTree = "<group>"; };
		8B3E278A1537163500E0A378 /* Insomnio.png */ = {isa = PBXFileReference; lastKnownFileType = image.png; path = Insomnio.png; sourceTree = "<group>"; };
		8B3E278B1537163500E0A378 /* Olla.png */ = {isa = PBXFileReference; lastKnownFileType = image.png; path = Olla.png; sourceTree = "<group>"; };
		8B3E278C1537163500E0A378 /* Recipientes.png */ = {isa = PBXFileReference; lastKnownFileType = image.png; path = Recipientes.png; sourceTree = "<group>"; };
		8B3E278D1537163500E0A378 /* Termo.png */ = {isa = PBXFileReference; lastKnownFileType = image.png; path = Termo.png; sourceTree = "<group>"; };
		8B3E278E1537163500E0A378 /* Olla@2x.png */ = {isa = PBXFileReference; lastKnownFileType = image.png; path = "Olla@2x.png"; sourceTree = "<group>"; };
		8B3E278F1537163500E0A378 /* Recipientes@2x.png */ = {isa = PBXFileReference; lastKnownFileType = image.png; path = "Recipientes@2x.png"; sourceTree = "<group>"; };
		8B3E27901537163500E0A378 /* Termo@2x.png */ = {isa = PBXFileReference; lastKnownFileType = image.png; path = "Termo@2x.png"; sourceTree = "<group>"; };
		8B3E27DD1537181300E0A378 /* Sonrisa@2x.png */ = {isa = PBXFileReference; lastKnownFileType = image.png; path = "Sonrisa@2x.png"; sourceTree = "<group>"; };
		8B3E27DF1537182700E0A378 /* Sonrisa.png */ = {isa = PBXFileReference; lastKnownFileType = image.png; path = Sonrisa.png; sourceTree = "<group>"; };
		8B3E281F15377DD600E0A378 /* Cardamomo.png */ = {isa = PBXFileReference; lastKnownFileType = image.png; name = Cardamomo.png; path = ../Cardamomo.png; sourceTree = "<group>"; };
		8B3E282015377DD600E0A378 /* Clavo.png */ = {isa = PBXFileReference; lastKnownFileType = image.png; name = Clavo.png; path = ../Clavo.png; sourceTree = "<group>"; };
		8B3E282115377DD600E0A378 /* Diente.png */ = {isa = PBXFileReference; lastKnownFileType = image.png; name = Diente.png; path = ../Diente.png; sourceTree = "<group>"; };
		8B3E282215377DD600E0A378 /* Ginseng.png */ = {isa = PBXFileReference; lastKnownFileType = image.png; name = Ginseng.png; path = ../Ginseng.png; sourceTree = "<group>"; };
		8B3E282315377DD600E0A378 /* Manzanilla.png */ = {isa = PBXFileReference; lastKnownFileType = image.png; name = Manzanilla.png; path = ../Manzanilla.png; sourceTree = "<group>"; };
		8B3E282415377DD600E0A378 /* Ñame.png */ = {isa = PBXFileReference; lastKnownFileType = image.png; name = "Ñame.png"; path = "../Ñame.png"; sourceTree = "<group>"; };
		8B3E282515377DD600E0A378 /* Perejil.png */ = {isa = PBXFileReference; lastKnownFileType = image.png; name = Perejil.png; path = ../Perejil.png; sourceTree = "<group>"; };
		8B3E282615377DD600E0A378 /* Sauce.png */ = {isa = PBXFileReference; lastKnownFileType = image.png; name = Sauce.png; path = ../Sauce.png; sourceTree = "<group>"; };
		8B3E282715377DD600E0A378 /* Valeriana.png */ = {isa = PBXFileReference; lastKnownFileType = image.png; name = Valeriana.png; path = ../Valeriana.png; sourceTree = "<group>"; };
		8B3E282815377DD600E0A378 /* Verbena.png */ = {isa = PBXFileReference; lastKnownFileType = image.png; name = Verbena.png; path = ../Verbena.png; sourceTree = "<group>"; };
		8B3E282915377DD600E0A378 /* Violeta.png */ = {isa = PBXFileReference; lastKnownFileType = image.png; name = Violeta.png; path = ../Violeta.png; sourceTree = "<group>"; };
		8B3E283615377E2200E0A378 /* Cardamomo@2x.png */ = {isa = PBXFileReference; lastKnownFileType = image.png; path = "Cardamomo@2x.png"; sourceTree = "<group>"; };
		8B3E283715377E2200E0A378 /* Clavo@2x.png */ = {isa = PBXFileReference; lastKnownFileType = image.png; path = "Clavo@2x.png"; sourceTree = "<group>"; };
		8B3E283815377E2200E0A378 /* Diente@2x.png */ = {isa = PBXFileReference; lastKnownFileType = image.png; path = "Diente@2x.png"; sourceTree = "<group>"; };
		8B3E283915377E2200E0A378 /* Ginseng@2x.png */ = {isa = PBXFileReference; lastKnownFileType = image.png; path = "Ginseng@2x.png"; sourceTree = "<group>"; };
		8B3E283A15377E2200E0A378 /* Manzanilla@2x.png */ = {isa = PBXFileReference; lastKnownFileType = image.png; path = "Manzanilla@2x.png"; sourceTree = "<group>"; };
		8B3E283B15377E2200E0A378 /* Ñame@2x.png */ = {isa = PBXFileReference; lastKnownFileType = image.png; path = "Ñame@2x.png"; sourceTree = "<group>"; };
		8B3E284215377E3600E0A378 /* Perejil@2x.png */ = {isa = PBXFileReference; lastKnownFileType = image.png; path = "Perejil@2x.png"; sourceTree = "<group>"; };
		8B3E284315377E3600E0A378 /* Sauce@2x.png */ = {isa = PBXFileReference; lastKnownFileType = image.png; path = "Sauce@2x.png"; sourceTree = "<group>"; };
		8B3E284415377E3600E0A378 /* Valeriana@2x.png */ = {isa = PBXFileReference; lastKnownFileType = image.png; path = "Valeriana@2x.png"; sourceTree = "<group>"; };
		8B3E284515377E3600E0A378 /* Verbena@2x.png */ = {isa = PBXFileReference; lastKnownFileType = image.png; path = "Verbena@2x.png"; sourceTree = "<group>"; };
		8B3E284615377E3600E0A378 /* Violeta@2x.png */ = {isa = PBXFileReference; lastKnownFileType = image.png; path = "Violeta@2x.png"; sourceTree = "<group>"; };
		9AE8D0D415334E68008FEDBB /* Twitter.framework */ = {isa = PBXFileReference; lastKnownFileType = wrapper.framework; name = Twitter.framework; path = System/Library/Frameworks/Twitter.framework; sourceTree = SDKROOT; };
		9AE8D0D715334E73008FEDBB /* MessageUI.framework */ = {isa = PBXFileReference; lastKnownFileType = wrapper.framework; name = MessageUI.framework; path = System/Library/Frameworks/MessageUI.framework; sourceTree = SDKROOT; };
		9AEA5F681533504600A9E703 /* FacebookMethods.h */ = {isa = PBXFileReference; fileEncoding = 4; lastKnownFileType = sourcecode.c.h; path = FacebookMethods.h; sourceTree = "<group>"; };
		9AEA5F691533504600A9E703 /* FacebookMethods.m */ = {isa = PBXFileReference; fileEncoding = 4; lastKnownFileType = sourcecode.c.objc; path = FacebookMethods.m; sourceTree = "<group>"; };
		9AEA5F731533505300A9E703 /* Facebook.h */ = {isa = PBXFileReference; fileEncoding = 4; lastKnownFileType = sourcecode.c.h; path = Facebook.h; sourceTree = "<group>"; };
		9AEA5F741533505300A9E703 /* Facebook.m */ = {isa = PBXFileReference; fileEncoding = 4; lastKnownFileType = sourcecode.c.objc; path = Facebook.m; sourceTree = "<group>"; };
		9AEA5F751533505300A9E703 /* facebook_ios_sdk_Prefix.pch */ = {isa = PBXFileReference; fileEncoding = 4; lastKnownFileType = sourcecode.c.h; path = facebook_ios_sdk_Prefix.pch; sourceTree = "<group>"; };
		9AEA5F761533505300A9E703 /* FBConnect.h */ = {isa = PBXFileReference; fileEncoding = 4; lastKnownFileType = sourcecode.c.h; path = FBConnect.h; sourceTree = "<group>"; };
		9AEA5F771533505300A9E703 /* FBDialog.bundle */ = {isa = PBXFileReference; lastKnownFileType = "wrapper.plug-in"; path = FBDialog.bundle; sourceTree = "<group>"; };
		9AEA5F781533505300A9E703 /* FBDialog.h */ = {isa = PBXFileReference; fileEncoding = 4; lastKnownFileType = sourcecode.c.h; path = FBDialog.h; sourceTree = "<group>"; };
		9AEA5F791533505300A9E703 /* FBDialog.m */ = {isa = PBXFileReference; fileEncoding = 4; lastKnownFileType = sourcecode.c.objc; path = FBDialog.m; sourceTree = "<group>"; };
		9AEA5F7A1533505300A9E703 /* FBFrictionlessRequestSettings.h */ = {isa = PBXFileReference; fileEncoding = 4; lastKnownFileType = sourcecode.c.h; path = FBFrictionlessRequestSettings.h; sourceTree = "<group>"; };
		9AEA5F7B1533505300A9E703 /* FBFrictionlessRequestSettings.m */ = {isa = PBXFileReference; fileEncoding = 4; lastKnownFileType = sourcecode.c.objc; path = FBFrictionlessRequestSettings.m; sourceTree = "<group>"; };
		9AEA5F7C1533505300A9E703 /* FBLoginDialog.h */ = {isa = PBXFileReference; fileEncoding = 4; lastKnownFileType = sourcecode.c.h; path = FBLoginDialog.h; sourceTree = "<group>"; };
		9AEA5F7D1533505300A9E703 /* FBLoginDialog.m */ = {isa = PBXFileReference; fileEncoding = 4; lastKnownFileType = sourcecode.c.objc; path = FBLoginDialog.m; sourceTree = "<group>"; };
		9AEA5F7E1533505300A9E703 /* FBRequest.h */ = {isa = PBXFileReference; fileEncoding = 4; lastKnownFileType = sourcecode.c.h; path = FBRequest.h; sourceTree = "<group>"; };
		9AEA5F7F1533505300A9E703 /* FBRequest.m */ = {isa = PBXFileReference; fileEncoding = 4; lastKnownFileType = sourcecode.c.objc; path = FBRequest.m; sourceTree = "<group>"; };
		9AEA5F811533505300A9E703 /* JSON.h */ = {isa = PBXFileReference; fileEncoding = 4; lastKnownFileType = sourcecode.c.h; path = JSON.h; sourceTree = "<group>"; };
		9AEA5F821533505300A9E703 /* NSObject+SBJSON.h */ = {isa = PBXFileReference; fileEncoding = 4; lastKnownFileType = sourcecode.c.h; path = "NSObject+SBJSON.h"; sourceTree = "<group>"; };
		9AEA5F831533505300A9E703 /* NSObject+SBJSON.m */ = {isa = PBXFileReference; fileEncoding = 4; lastKnownFileType = sourcecode.c.objc; path = "NSObject+SBJSON.m"; sourceTree = "<group>"; };
		9AEA5F841533505300A9E703 /* NSString+SBJSON.h */ = {isa = PBXFileReference; fileEncoding = 4; lastKnownFileType = sourcecode.c.h; path = "NSString+SBJSON.h"; sourceTree = "<group>"; };
		9AEA5F851533505300A9E703 /* NSString+SBJSON.m */ = {isa = PBXFileReference; fileEncoding = 4; lastKnownFileType = sourcecode.c.objc; path = "NSString+SBJSON.m"; sourceTree = "<group>"; };
		9AEA5F861533505300A9E703 /* SBJSON.h */ = {isa = PBXFileReference; fileEncoding = 4; lastKnownFileType = sourcecode.c.h; path = SBJSON.h; sourceTree = "<group>"; };
		9AEA5F871533505300A9E703 /* SBJSON.m */ = {isa = PBXFileReference; fileEncoding = 4; lastKnownFileType = sourcecode.c.objc; path = SBJSON.m; sourceTree = "<group>"; };
		9AEA5F881533505300A9E703 /* SBJsonBase.h */ = {isa = PBXFileReference; fileEncoding = 4; lastKnownFileType = sourcecode.c.h; path = SBJsonBase.h; sourceTree = "<group>"; };
		9AEA5F891533505300A9E703 /* SBJsonBase.m */ = {isa = PBXFileReference; fileEncoding = 4; lastKnownFileType = sourcecode.c.objc; path = SBJsonBase.m; sourceTree = "<group>"; };
		9AEA5F8A1533505300A9E703 /* SBJsonParser.h */ = {isa = PBXFileReference; fileEncoding = 4; lastKnownFileType = sourcecode.c.h; path = SBJsonParser.h; sourceTree = "<group>"; };
		9AEA5F8B1533505300A9E703 /* SBJsonParser.m */ = {isa = PBXFileReference; fileEncoding = 4; lastKnownFileType = sourcecode.c.objc; path = SBJsonParser.m; sourceTree = "<group>"; };
		9AEA5F8C1533505300A9E703 /* SBJsonWriter.h */ = {isa = PBXFileReference; fileEncoding = 4; lastKnownFileType = sourcecode.c.h; path = SBJsonWriter.h; sourceTree = "<group>"; };
		9AEA5F8D1533505300A9E703 /* SBJsonWriter.m */ = {isa = PBXFileReference; fileEncoding = 4; lastKnownFileType = sourcecode.c.objc; path = SBJsonWriter.m; sourceTree = "<group>"; };
		D90882E11520D87A00AB7AEB /* detalleViewController.h */ = {isa = PBXFileReference; fileEncoding = 4; lastKnownFileType = sourcecode.c.h; path = detalleViewController.h; sourceTree = "<group>"; };
		D90882E21520D87A00AB7AEB /* detalleViewController.m */ = {isa = PBXFileReference; fileEncoding = 4; lastKnownFileType = sourcecode.c.objc; path = detalleViewController.m; sourceTree = "<group>"; };
		D90882E31520D87A00AB7AEB /* detalleViewController.xib */ = {isa = PBXFileReference; fileEncoding = 4; lastKnownFileType = file.xib; path = detalleViewController.xib; sourceTree = "<group>"; };
		D91EA933151A702D00EACB54 /* TestData.h */ = {isa = PBXFileReference; fileEncoding = 4; lastKnownFileType = sourcecode.c.h; path = TestData.h; sourceTree = "<group>"; };
		D91EA934151A702D00EACB54 /* TestData.m */ = {isa = PBXFileReference; fileEncoding = 4; lastKnownFileType = sourcecode.c.objc; path = TestData.m; sourceTree = "<group>"; };
		D91EA937151A78AA00EACB54 /* ConstantRemedios.h */ = {isa = PBXFileReference; fileEncoding = 4; lastKnownFileType = sourcecode.c.h; path = ConstantRemedios.h; sourceTree = "<group>"; };
		D93A59F7152A1B5D0012B9F8 /* ComprasViewController.h */ = {isa = PBXFileReference; fileEncoding = 4; lastKnownFileType = sourcecode.c.h; path = ComprasViewController.h; sourceTree = "<group>"; };
		D93A59F8152A1B5D0012B9F8 /* ComprasViewController.m */ = {isa = PBXFileReference; fileEncoding = 4; lastKnownFileType = sourcecode.c.objc; path = ComprasViewController.m; sourceTree = "<group>"; };
		D93A59F9152A1B5E0012B9F8 /* ComprasViewController.xib */ = {isa = PBXFileReference; fileEncoding = 4; lastKnownFileType = file.xib; path = ComprasViewController.xib; sourceTree = "<group>"; };
		D95B22F4152C9DFB0026C40E /* marca_llena_compras.png */ = {isa = PBXFileReference; lastKnownFileType = image.png; path = marca_llena_compras.png; sourceTree = "<group>"; };
		D964C3B0152CEB7C00860E0E /* fondo_compras@2x.png */ = {isa = PBXFileReference; lastKnownFileType = image.png; path = "fondo_compras@2x.png"; sourceTree = "<group>"; };
		D9868B341522555B00AEBE4D /* detalleGlosarioViewController.h */ = {isa = PBXFileReference; fileEncoding = 4; lastKnownFileType = sourcecode.c.h; path = detalleGlosarioViewController.h; sourceTree = "<group>"; };
		D9868B351522555B00AEBE4D /* detalleGlosarioViewController.m */ = {isa = PBXFileReference; fileEncoding = 4; lastKnownFileType = sourcecode.c.objc; path = detalleGlosarioViewController.m; sourceTree = "<group>"; };
		D9868B361522555B00AEBE4D /* detalleGlosarioViewController.xib */ = {isa = PBXFileReference; fileEncoding = 4; lastKnownFileType = file.xib; path = detalleGlosarioViewController.xib; sourceTree = "<group>"; };
		D990C137152B5F1C004F6B73 /* icono_compras_tab@2x.png */ = {isa = PBXFileReference; lastKnownFileType = image.png; path = "icono_compras_tab@2x.png"; sourceTree = "<group>"; };
		D990C138152B5F1C004F6B73 /* icono_glosario_tab@2x.png */ = {isa = PBXFileReference; lastKnownFileType = image.png; path = "icono_glosario_tab@2x.png"; sourceTree = "<group>"; };
		D990C139152B5F1C004F6B73 /* icono_remedios_tab@2x.png */ = {isa = PBXFileReference; lastKnownFileType = image.png; path = "icono_remedios_tab@2x.png"; sourceTree = "<group>"; };
		D990C13E152B60C0004F6B73 /* icono_compras_tab.png */ = {isa = PBXFileReference; lastKnownFileType = image.png; path = icono_compras_tab.png; sourceTree = "<group>"; };
		D990C13F152B60C0004F6B73 /* icono_glosario_tab.png */ = {isa = PBXFileReference; lastKnownFileType = image.png; path = icono_glosario_tab.png; sourceTree = "<group>"; };
		D990C140152B60C0004F6B73 /* icono_remedios_tab.png */ = {isa = PBXFileReference; lastKnownFileType = image.png; path = icono_remedios_tab.png; sourceTree = "<group>"; };
		D990C144152B66D3004F6B73 /* marca_vacia_compras.png */ = {isa = PBXFileReference; lastKnownFileType = image.png; path = marca_vacia_compras.png; sourceTree = "<group>"; };
		D990C145152B66D3004F6B73 /* marca_vacia_compras@2x.png */ = {isa = PBXFileReference; lastKnownFileType = image.png; path = "marca_vacia_compras@2x.png"; sourceTree = "<group>"; };
		D990C14C152B7641004F6B73 /* icono_compartir_detalleremedio.png */ = {isa = PBXFileReference; lastKnownFileType = image.png; path = icono_compartir_detalleremedio.png; sourceTree = "<group>"; };
		D990C14E152B7779004F6B73 /* icono_basura_compras.png */ = {isa = PBXFileReference; lastKnownFileType = image.png; path = icono_basura_compras.png; sourceTree = "<group>"; };
		D990C150152B7EE0004F6B73 /* fondo_compras.png */ = {isa = PBXFileReference; lastKnownFileType = image.png; path = fondo_compras.png; sourceTree = "<group>"; };
		D990C156152B8AF3004F6B73 /* fondo_general@2x.png */ = {isa = PBXFileReference; lastKnownFileType = image.png; path = "fondo_general@2x.png"; sourceTree = "<group>"; };
		D990C158152B9115004F6B73 /* foto_celda_glosario.png */ = {isa = PBXFileReference; lastKnownFileType = image.png; path = foto_celda_glosario.png; sourceTree = "<group>"; };
		D990C159152B9115004F6B73 /* foto_celda_glosario@2x.png */ = {isa = PBXFileReference; lastKnownFileType = image.png; path = "foto_celda_glosario@2x.png"; sourceTree = "<group>"; };
		D990C15A152B9115004F6B73 /* foto_celda_remedios.png */ = {isa = PBXFileReference; lastKnownFileType = image.png; path = foto_celda_remedios.png; sourceTree = "<group>"; };
		D990C15B152B9115004F6B73 /* foto_celda_remedios@2x.png */ = {isa = PBXFileReference; lastKnownFileType = image.png; path = "foto_celda_remedios@2x.png"; sourceTree = "<group>"; };
		D990C15C152B9116004F6B73 /* foto_detalleglosario.png */ = {isa = PBXFileReference; lastKnownFileType = image.png; path = foto_detalleglosario.png; sourceTree = "<group>"; };
		D990C15D152B9116004F6B73 /* foto_detalleglosario@2x.png */ = {isa = PBXFileReference; lastKnownFileType = image.png; path = "foto_detalleglosario@2x.png"; sourceTree = "<group>"; };
		D990C15E152B9116004F6B73 /* foto_detalleremedio.png */ = {isa = PBXFileReference; lastKnownFileType = image.png; path = foto_detalleremedio.png; sourceTree = "<group>"; };
		D990C15F152B9116004F6B73 /* foto_detalleremedio@2x.png */ = {isa = PBXFileReference; lastKnownFileType = image.png; path = "foto_detalleremedio@2x.png"; sourceTree = "<group>"; };
		D990C160152B9116004F6B73 /* foto2_celda_remedios.png */ = {isa = PBXFileReference; lastKnownFileType = image.png; path = foto2_celda_remedios.png; sourceTree = "<group>"; };
		D990C161152B9116004F6B73 /* foto2_celda_remedios@2x.png */ = {isa = PBXFileReference; lastKnownFileType = image.png; path = "foto2_celda_remedios@2x.png"; sourceTree = "<group>"; };
		D9BD7C0F152231CA007162AD /* glosarioViewController.h */ = {isa = PBXFileReference; fileEncoding = 4; lastKnownFileType = sourcecode.c.h; path = glosarioViewController.h; sourceTree = "<group>"; };
		D9BD7C10152231CA007162AD /* glosarioViewController.m */ = {isa = PBXFileReference; fileEncoding = 4; lastKnownFileType = sourcecode.c.objc; path = glosarioViewController.m; sourceTree = "<group>"; };
		D9BD7C11152231CA007162AD /* glosarioViewController.xib */ = {isa = PBXFileReference; fileEncoding = 4; lastKnownFileType = file.xib; path = glosarioViewController.xib; sourceTree = "<group>"; };
		D9C4F529152CEBC300533412 /* fondo_general.png */ = {isa = PBXFileReference; lastKnownFileType = image.png; path = fondo_general.png; sourceTree = "<group>"; };
		D9DC36BC1537358B0024AED0 /* Remedios.h */ = {isa = PBXFileReference; fileEncoding = 4; lastKnownFileType = sourcecode.c.h; path = Remedios.h; sourceTree = SOURCE_ROOT; };
		D9DC36BD1537358B0024AED0 /* Remedios.m */ = {isa = PBXFileReference; fileEncoding = 4; lastKnownFileType = sourcecode.c.objc; path = Remedios.m; sourceTree = SOURCE_ROOT; };
		D9DC36BF153735970024AED0 /* Glosario.h */ = {isa = PBXFileReference; fileEncoding = 4; lastKnownFileType = sourcecode.c.h; path = Glosario.h; sourceTree = SOURCE_ROOT; };
		D9DC36C0153735970024AED0 /* Glosario.m */ = {isa = PBXFileReference; fileEncoding = 4; lastKnownFileType = sourcecode.c.objc; path = Glosario.m; sourceTree = SOURCE_ROOT; };
		D9E87F76152CEA79004E2081 /* icono_basura_compras@2x.png */ = {isa = PBXFileReference; lastKnownFileType = image.png; path = "icono_basura_compras@2x.png"; sourceTree = "<group>"; };
		D9E87F79152CEA87004E2081 /* icono_compartir_detalleremedio@2x.png */ = {isa = PBXFileReference; lastKnownFileType = image.png; path = "icono_compartir_detalleremedio@2x.png"; sourceTree = "<group>"; };
		D9E87F7F152CEAD7004E2081 /* marca_llena_compras@2x.png */ = {isa = PBXFileReference; lastKnownFileType = image.png; path = "marca_llena_compras@2x.png"; sourceTree = "<group>"; };
		D9F89BFE1519268C00DDCBAC /* Model.xcdatamodel */ = {isa = PBXFileReference; lastKnownFileType = wrapper.xcdatamodel; path = Model.xcdatamodel; sourceTree = "<group>"; };
		D9F89C01151927BE00DDCBAC /* CoreData.framework */ = {isa = PBXFileReference; lastKnownFileType = wrapper.framework; name = CoreData.framework; path = System/Library/Frameworks/CoreData.framework; sourceTree = SDKROOT; };
/* End PBXFileReference section */

/* Begin PBXFrameworksBuildPhase section */
		0662491C14A8F2A800FDAFA7 /* Frameworks */ = {
			isa = PBXFrameworksBuildPhase;
			buildActionMask = 2147483647;
			files = (
				122C8E3F156D545C00EB3A17 /* libsqlite3.0.dylib in Frameworks */,
				122C8E3C156D545300EB3A17 /* CFNetwork.framework in Frameworks */,
				8B335C97153DF9910041D1C4 /* SystemConfiguration.framework in Frameworks */,
				9AE8D0D815334E73008FEDBB /* MessageUI.framework in Frameworks */,
				9AE8D0D515334E68008FEDBB /* Twitter.framework in Frameworks */,
				D9F89C02151927BE00DDCBAC /* CoreData.framework in Frameworks */,
				0662492414A8F2A800FDAFA7 /* UIKit.framework in Frameworks */,
				0662492614A8F2A800FDAFA7 /* Foundation.framework in Frameworks */,
				0662492814A8F2A800FDAFA7 /* CoreGraphics.framework in Frameworks */,
				122C8E47156D551F00EB3A17 /* libGoogleAnalytics.a in Frameworks */,
				122C8E48156D551F00EB3A17 /* libGoogleAnalytics_NoThumb.a in Frameworks */,
			);
			runOnlyForDeploymentPostprocessing = 0;
		};
/* End PBXFrameworksBuildPhase section */

/* Begin PBXGroup section */
		0662491414A8F2A800FDAFA7 = {
			isa = PBXGroup;
			children = (
				122C8E40156D551F00EB3A17 /* GoogleAnalytics */,
				9AEA5F6C1533505300A9E703 /* facebook-ios-sdk */,
				9AE8D0D915334E86008FEDBB /* Compartir */,
				06E99CB0152CCED90024BBD6 /* remedios_114x114.png */,
				06E99CAE152CCED40024BBD6 /* remedios_57x57.png */,
				0662492914A8F2A900FDAFA7 /* RemediosCaseros */,
				0662492214A8F2A800FDAFA7 /* Frameworks */,
				0662492014A8F2A800FDAFA7 /* Products */,
			);
			sourceTree = "<group>";
		};
		0662492014A8F2A800FDAFA7 /* Products */ = {
			isa = PBXGroup;
			children = (
				0662491F14A8F2A800FDAFA7 /* RemediosCaseros.app */,
			);
			name = Products;
			sourceTree = "<group>";
		};
		0662492214A8F2A800FDAFA7 /* Frameworks */ = {
			isa = PBXGroup;
			children = (
				122C8E3E156D545C00EB3A17 /* libsqlite3.0.dylib */,
				122C8E3B156D545300EB3A17 /* CFNetwork.framework */,
				8B335C96153DF9910041D1C4 /* SystemConfiguration.framework */,
				9AE8D0D715334E73008FEDBB /* MessageUI.framework */,
				9AE8D0D415334E68008FEDBB /* Twitter.framework */,
				D9F89C01151927BE00DDCBAC /* CoreData.framework */,
				0662492314A8F2A800FDAFA7 /* UIKit.framework */,
				0662492514A8F2A800FDAFA7 /* Foundation.framework */,
				0662492714A8F2A800FDAFA7 /* CoreGraphics.framework */,
			);
			name = Frameworks;
			sourceTree = "<group>";
		};
		0662492914A8F2A900FDAFA7 /* RemediosCaseros */ = {
			isa = PBXGroup;
			children = (
				D9DC36BA153734EC0024AED0 /* Modelo De Datos */,
				D9FC479D151A5115002F1D4B /* Imagenes */,
				0662493214A8F2A900FDAFA7 /* AppDelegate.h */,
				0662493314A8F2A900FDAFA7 /* AppDelegate.m */,
				06624A3A14ABA20300FDAFA7 /* RootViewController.h */,
				06624A3B14ABA20300FDAFA7 /* RootViewController.m */,
				06624A3C14ABA20300FDAFA7 /* RootViewController.xib */,
				D90882E11520D87A00AB7AEB /* detalleViewController.h */,
				D90882E21520D87A00AB7AEB /* detalleViewController.m */,
				D90882E31520D87A00AB7AEB /* detalleViewController.xib */,
				D9BD7C0F152231CA007162AD /* glosarioViewController.h */,
				D9BD7C10152231CA007162AD /* glosarioViewController.m */,
				D9BD7C11152231CA007162AD /* glosarioViewController.xib */,
				D9868B341522555B00AEBE4D /* detalleGlosarioViewController.h */,
				D9868B351522555B00AEBE4D /* detalleGlosarioViewController.m */,
				D9868B361522555B00AEBE4D /* detalleGlosarioViewController.xib */,
				D93A59F7152A1B5D0012B9F8 /* ComprasViewController.h */,
				D93A59F8152A1B5D0012B9F8 /* ComprasViewController.m */,
				D93A59F9152A1B5E0012B9F8 /* ComprasViewController.xib */,
				06624A2414ABA1B100FDAFA7 /* lasdo.plist */,
				06624A2014ABA1B100FDAFA7 /* glosario.plist */,
				0662492A14A8F2A900FDAFA7 /* Supporting Files */,
			);
			path = RemediosCaseros;
			sourceTree = "<group>";
		};
		0662492A14A8F2A900FDAFA7 /* Supporting Files */ = {
			isa = PBXGroup;
			children = (
				0662492B14A8F2A900FDAFA7 /* RemediosCaseros-Info.plist */,
				0662492C14A8F2A900FDAFA7 /* InfoPlist.strings */,
				0662492F14A8F2A900FDAFA7 /* main.m */,
				0662493114A8F2A900FDAFA7 /* RemediosCaseros-Prefix.pch */,
			);
			name = "Supporting Files";
			sourceTree = "<group>";
		};
		122C8E40156D551F00EB3A17 /* GoogleAnalytics */ = {
			isa = PBXGroup;
			children = (
				122C8E41156D551F00EB3A17 /* Analytics.h */,
				122C8E42156D551F00EB3A17 /* Analytics.m */,
				122C8E43156D551F00EB3A17 /* GANTracker.h */,
				122C8E44156D551F00EB3A17 /* libGoogleAnalytics.a */,
				122C8E45156D551F00EB3A17 /* libGoogleAnalytics_NoThumb.a */,
			);
			name = GoogleAnalytics;
			path = RemediosCaseros/GoogleAnalytics;
			sourceTree = "<group>";
		};
		8B3E2740153715A100E0A378 /* Remedios y Glosario */ = {
			isa = PBXGroup;
			children = (
				8B335CA0153E0D9A0041D1C4 /* generico_glosario.png */,
				8B335CA1153E0D9A0041D1C4 /* generico_glosario@2x.png */,
				8B335CA2153E0D9A0041D1C4 /* generico_remedio.png */,
				8B335CA3153E0D9A0041D1C4 /* generico_remedio@2x.png */,
				8B3E284215377E3600E0A378 /* Perejil@2x.png */,
				8B3E284315377E3600E0A378 /* Sauce@2x.png */,
				8B3E284415377E3600E0A378 /* Valeriana@2x.png */,
				8B3E284515377E3600E0A378 /* Verbena@2x.png */,
				8B3E284615377E3600E0A378 /* Violeta@2x.png */,
				8B3E283615377E2200E0A378 /* Cardamomo@2x.png */,
				8B3E283715377E2200E0A378 /* Clavo@2x.png */,
				8B3E283815377E2200E0A378 /* Diente@2x.png */,
				8B3E283915377E2200E0A378 /* Ginseng@2x.png */,
				8B3E283A15377E2200E0A378 /* Manzanilla@2x.png */,
				8B3E283B15377E2200E0A378 /* Ñame@2x.png */,
				8B3E27421537163500E0A378 /* Ajo@2x.png */,
				8B3E27431537163500E0A378 /* Alcachofa@2x.png */,
				8B3E27441537163500E0A378 /* Alfalfa@2x.png */,
				8B3E27451537163500E0A378 /* Alfombras@2x.png */,
				8B3E27461537163500E0A378 /* Aloe@2x.png */,
				8B3E27471537163500E0A378 /* Arnica@2x.png */,
				8B3E27481537163500E0A378 /* Artritis@2x.png */,
				8B3E27491537163500E0A378 /* Avena@2x.png */,
				8B3E274A1537163500E0A378 /* Azulejos@2x.png */,
				8B3E274B1537163500E0A378 /* Belleza */,
				8B3E275F1537163500E0A378 /* Canela@2x.png */,
				8B3E27601537163500E0A378 /* Chia@2x.png */,
				8B3E27611537163500E0A378 /* Colesterol@2x.png */,
				8B3E27621537163500E0A378 /* Colitis@2x.png */,
				8B3E27631537163500E0A378 /* Conjuntivitis@2x.png */,
				8B3E27641537163500E0A378 /* Corazon@2x.png */,
				8B3E27651537163500E0A378 /* Cortina@2x.png */,
				8B3E27661537163500E0A378 /* Cristales@2x.png */,
				8B3E27671537163500E0A378 /* Cuachalalate@2x.png */,
				8B3E27681537163500E0A378 /* Desague@2x.png */,
				8B3E27691537163500E0A378 /* Escoba@2x.png */,
				8B3E276A1537163500E0A378 /* Estufa@2x.png */,
				8B3E276B1537163500E0A378 /* Gingivitis@2x.png */,
				8B3E276C1537163500E0A378 /* Hipertension@2x.png */,
				8B3E276D1537163500E0A378 /* Indigestion@2x.png */,
				8B3E276E1537163500E0A378 /* Inmunologico@2x.png */,
				8B3E276F1537163500E0A378 /* Insomnio@2x.png */,
				8B3E27701537163500E0A378 /* no-retina */,
				8B3E278E1537163500E0A378 /* Olla@2x.png */,
				8B3E278F1537163500E0A378 /* Recipientes@2x.png */,
				8B3E27901537163500E0A378 /* Termo@2x.png */,
			);
			name = "Remedios y Glosario";
			sourceTree = "<group>";
		};
		8B3E274B1537163500E0A378 /* Belleza */ = {
			isa = PBXGroup;
			children = (
				8B3E27DF1537182700E0A378 /* Sonrisa.png */,
				8B3E274C1537163500E0A378 /* Acne@2x.png */,
				8B3E274D1537163500E0A378 /* Arrugas@2x.png */,
				8B3E274E1537163500E0A378 /* Graso@2x.png */,
				8B3E274F1537163500E0A378 /* Mascarilla@2x.png */,
				8B3E27501537163500E0A378 /* no-retina */,
				8B3E275A1537163500E0A378 /* Pelo@2x.png */,
				8B3E275B1537163500E0A378 /* Piel@2x.png */,
				8B3E275C1537163500E0A378 /* Rostro@2x.png */,
				8B3E275D1537163500E0A378 /* Seco@2x.png */,
				8B3E275E1537163500E0A378 /* Uñas@2x.png */,
			);
			path = Belleza;
			sourceTree = "<group>";
		};
		8B3E27501537163500E0A378 /* no-retina */ = {
			isa = PBXGroup;
			children = (
				8B3E27DD1537181300E0A378 /* Sonrisa@2x.png */,
				8B3E27511537163500E0A378 /* Acne.png */,
				8B3E27521537163500E0A378 /* Arrugas.png */,
				8B3E27531537163500E0A378 /* Graso.png */,
				8B3E27541537163500E0A378 /* Mascarilla.png */,
				8B3E27551537163500E0A378 /* Pelo.png */,
				8B3E27561537163500E0A378 /* Piel.png */,
				8B3E27571537163500E0A378 /* Rostro.png */,
				8B3E27581537163500E0A378 /* Seco.png */,
				8B3E27591537163500E0A378 /* Uñas.png */,
			);
			path = "no-retina";
			sourceTree = "<group>";
		};
		8B3E27701537163500E0A378 /* no-retina */ = {
			isa = PBXGroup;
			children = (
				8B3E281F15377DD600E0A378 /* Cardamomo.png */,
				8B3E282015377DD600E0A378 /* Clavo.png */,
				8B3E282115377DD600E0A378 /* Diente.png */,
				8B3E282215377DD600E0A378 /* Ginseng.png */,
				8B3E282315377DD600E0A378 /* Manzanilla.png */,
				8B3E282415377DD600E0A378 /* Ñame.png */,
				8B3E282515377DD600E0A378 /* Perejil.png */,
				8B3E282615377DD600E0A378 /* Sauce.png */,
				8B3E282715377DD600E0A378 /* Valeriana.png */,
				8B3E282815377DD600E0A378 /* Verbena.png */,
				8B3E282915377DD600E0A378 /* Violeta.png */,
				8B3E27711537163500E0A378 /* Ajo.png */,
				8B3E27721537163500E0A378 /* Alcachofa.png */,
				8B3E27731537163500E0A378 /* Alfalfa.png */,
				8B3E27741537163500E0A378 /* Alfombras.png */,
				8B3E27751537163500E0A378 /* Aloe.png */,
				8B3E27761537163500E0A378 /* Arnica.png */,
				8B3E27771537163500E0A378 /* Artritis.png */,
				8B3E27781537163500E0A378 /* Avena.png */,
				8B3E27791537163500E0A378 /* Azulejos.png */,
				8B3E277A1537163500E0A378 /* Canela.png */,
				8B3E277B1537163500E0A378 /* Chia.png */,
				8B3E277C1537163500E0A378 /* Colesterol.png */,
				8B3E277D1537163500E0A378 /* Colitis.png */,
				8B3E277E1537163500E0A378 /* Conjuntivitis.png */,
				8B3E277F1537163500E0A378 /* Corazon.png */,
				8B3E27801537163500E0A378 /* Cortina.png */,
				8B3E27811537163500E0A378 /* Cristales.png */,
				8B3E27821537163500E0A378 /* Cuachalalate.png */,
				8B3E27831537163500E0A378 /* Desague.png */,
				8B3E27841537163500E0A378 /* Escoba.png */,
				8B3E27851537163500E0A378 /* Estufa.png */,
				8B3E27861537163500E0A378 /* Gingivitis.png */,
				8B3E27871537163500E0A378 /* Hipertension.png */,
				8B3E27881537163500E0A378 /* Indigestion.png */,
				8B3E27891537163500E0A378 /* Inmunologico.png */,
				8B3E278A1537163500E0A378 /* Insomnio.png */,
				8B3E278B1537163500E0A378 /* Olla.png */,
				8B3E278C1537163500E0A378 /* Recipientes.png */,
				8B3E278D1537163500E0A378 /* Termo.png */,
			);
			path = "no-retina";
			sourceTree = "<group>";
		};
		9AE8D0D915334E86008FEDBB /* Compartir */ = {
			isa = PBXGroup;
			children = (
				9AE8D0DA15334E91008FEDBB /* Facebook */,
			);
			name = Compartir;
			sourceTree = "<group>";
		};
		9AE8D0DA15334E91008FEDBB /* Facebook */ = {
			isa = PBXGroup;
			children = (
				9AEA5F681533504600A9E703 /* FacebookMethods.h */,
				9AEA5F691533504600A9E703 /* FacebookMethods.m */,
			);
			name = Facebook;
			sourceTree = "<group>";
		};
		9AEA5F6C1533505300A9E703 /* facebook-ios-sdk */ = {
			isa = PBXGroup;
			children = (
				9AEA5F721533505300A9E703 /* src */,
			);
			path = "facebook-ios-sdk";
			sourceTree = "<group>";
		};
		9AEA5F721533505300A9E703 /* src */ = {
			isa = PBXGroup;
			children = (
				9AEA5F731533505300A9E703 /* Facebook.h */,
				9AEA5F741533505300A9E703 /* Facebook.m */,
				9AEA5F751533505300A9E703 /* facebook_ios_sdk_Prefix.pch */,
				9AEA5F761533505300A9E703 /* FBConnect.h */,
				9AEA5F771533505300A9E703 /* FBDialog.bundle */,
				9AEA5F781533505300A9E703 /* FBDialog.h */,
				9AEA5F791533505300A9E703 /* FBDialog.m */,
				9AEA5F7A1533505300A9E703 /* FBFrictionlessRequestSettings.h */,
				9AEA5F7B1533505300A9E703 /* FBFrictionlessRequestSettings.m */,
				9AEA5F7C1533505300A9E703 /* FBLoginDialog.h */,
				9AEA5F7D1533505300A9E703 /* FBLoginDialog.m */,
				9AEA5F7E1533505300A9E703 /* FBRequest.h */,
				9AEA5F7F1533505300A9E703 /* FBRequest.m */,
				9AEA5F801533505300A9E703 /* JSON */,
			);
			path = src;
			sourceTree = "<group>";
		};
		9AEA5F801533505300A9E703 /* JSON */ = {
			isa = PBXGroup;
			children = (
				9AEA5F811533505300A9E703 /* JSON.h */,
				9AEA5F821533505300A9E703 /* NSObject+SBJSON.h */,
				9AEA5F831533505300A9E703 /* NSObject+SBJSON.m */,
				9AEA5F841533505300A9E703 /* NSString+SBJSON.h */,
				9AEA5F851533505300A9E703 /* NSString+SBJSON.m */,
				9AEA5F861533505300A9E703 /* SBJSON.h */,
				9AEA5F871533505300A9E703 /* SBJSON.m */,
				9AEA5F881533505300A9E703 /* SBJsonBase.h */,
				9AEA5F891533505300A9E703 /* SBJsonBase.m */,
				9AEA5F8A1533505300A9E703 /* SBJsonParser.h */,
				9AEA5F8B1533505300A9E703 /* SBJsonParser.m */,
				9AEA5F8C1533505300A9E703 /* SBJsonWriter.h */,
				9AEA5F8D1533505300A9E703 /* SBJsonWriter.m */,
			);
			path = JSON;
			sourceTree = "<group>";
		};
		D980365715238E79000F8DE6 /* Clases */ = {
			isa = PBXGroup;
			children = (
				D9DC36BC1537358B0024AED0 /* Remedios.h */,
				D9DC36BD1537358B0024AED0 /* Remedios.m */,
				D9DC36BF153735970024AED0 /* Glosario.h */,
				D9DC36C0153735970024AED0 /* Glosario.m */,
			);
			name = Clases;
			path = Classes;
			sourceTree = "<group>";
		};
		D9DC36BA153734EC0024AED0 /* Modelo De Datos */ = {
			isa = PBXGroup;
			children = (
				D9FC47F6151A6CFE002F1D4B /* Test */,
				D980365715238E79000F8DE6 /* Clases */,
				D9F89BFD1519268C00DDCBAC /* Model.xcdatamodeld */,
				8B335C77153DE41F0041D1C4 /* RemediosCaseros.sqlite */,
			);
			name = "Modelo De Datos";
			sourceTree = "<group>";
		};
		D9FC479D151A5115002F1D4B /* Imagenes */ = {
			isa = PBXGroup;
			children = (
				8B3E2740153715A100E0A378 /* Remedios y Glosario */,
				D9C4F529152CEBC300533412 /* fondo_general.png */,
				D964C3B0152CEB7C00860E0E /* fondo_compras@2x.png */,
				D9E87F7F152CEAD7004E2081 /* marca_llena_compras@2x.png */,
				D9E87F79152CEA87004E2081 /* icono_compartir_detalleremedio@2x.png */,
				D9E87F76152CEA79004E2081 /* icono_basura_compras@2x.png */,
				06E99CA9152CCE960024BBD6 /* remedios_57x57.png */,
				06E99CAA152CCE960024BBD6 /* remedios_114x114.png */,
				D95B22F4152C9DFB0026C40E /* marca_llena_compras.png */,
				D990C158152B9115004F6B73 /* foto_celda_glosario.png */,
				D990C159152B9115004F6B73 /* foto_celda_glosario@2x.png */,
				D990C15A152B9115004F6B73 /* foto_celda_remedios.png */,
				D990C15B152B9115004F6B73 /* foto_celda_remedios@2x.png */,
				D990C15C152B9116004F6B73 /* foto_detalleglosario.png */,
				D990C15D152B9116004F6B73 /* foto_detalleglosario@2x.png */,
				D990C15E152B9116004F6B73 /* foto_detalleremedio.png */,
				D990C15F152B9116004F6B73 /* foto_detalleremedio@2x.png */,
				D990C160152B9116004F6B73 /* foto2_celda_remedios.png */,
				D990C161152B9116004F6B73 /* foto2_celda_remedios@2x.png */,
				D990C156152B8AF3004F6B73 /* fondo_general@2x.png */,
				D990C150152B7EE0004F6B73 /* fondo_compras.png */,
				D990C14E152B7779004F6B73 /* icono_basura_compras.png */,
				D990C14C152B7641004F6B73 /* icono_compartir_detalleremedio.png */,
				D990C144152B66D3004F6B73 /* marca_vacia_compras.png */,
				D990C145152B66D3004F6B73 /* marca_vacia_compras@2x.png */,
				D990C13E152B60C0004F6B73 /* icono_compras_tab.png */,
				D990C13F152B60C0004F6B73 /* icono_glosario_tab.png */,
				D990C140152B60C0004F6B73 /* icono_remedios_tab.png */,
				D990C137152B5F1C004F6B73 /* icono_compras_tab@2x.png */,
				D990C138152B5F1C004F6B73 /* icono_glosario_tab@2x.png */,
				D990C139152B5F1C004F6B73 /* icono_remedios_tab@2x.png */,
				06624A3D14ABA20300FDAFA7 /* tweet.png */,
				0662493F14A8F2A900FDAFA7 /* second.png */,
				0662494114A8F2A900FDAFA7 /* second@2x.png */,
				06624A3714ABA20300FDAFA7 /* receta.png */,
				06624A3314ABA20300FDAFA7 /* glosario.png */,
				0662493814A8F2A900FDAFA7 /* first.png */,
				0662493A14A8F2A900FDAFA7 /* first@2x.png */,
			);
			name = Imagenes;
			sourceTree = "<group>";
		};
		D9FC47F6151A6CFE002F1D4B /* Test */ = {
			isa = PBXGroup;
			children = (
				D91EA933151A702D00EACB54 /* TestData.h */,
				D91EA934151A702D00EACB54 /* TestData.m */,
				D91EA937151A78AA00EACB54 /* ConstantRemedios.h */,
			);
			name = Test;
			sourceTree = "<group>";
		};
/* End PBXGroup section */

/* Begin PBXNativeTarget section */
		0662491E14A8F2A800FDAFA7 /* RemediosCaseros */ = {
			isa = PBXNativeTarget;
			buildConfigurationList = 0662494B14A8F2A900FDAFA7 /* Build configuration list for PBXNativeTarget "RemediosCaseros" */;
			buildPhases = (
				0662491B14A8F2A800FDAFA7 /* Sources */,
				0662491C14A8F2A800FDAFA7 /* Frameworks */,
				0662491D14A8F2A800FDAFA7 /* Resources */,
			);
			buildRules = (
			);
			dependencies = (
			);
			name = RemediosCaseros;
			productName = RemediosCaseros;
			productReference = 0662491F14A8F2A800FDAFA7 /* RemediosCaseros.app */;
			productType = "com.apple.product-type.application";
		};
/* End PBXNativeTarget section */

/* Begin PBXProject section */
		0662491614A8F2A800FDAFA7 /* Project object */ = {
			isa = PBXProject;
			attributes = {
				LastUpgradeCheck = 0420;
				ORGANIZATIONNAME = "Somos Software";
			};
			buildConfigurationList = 0662491914A8F2A800FDAFA7 /* Build configuration list for PBXProject "RemediosCaseros" */;
			compatibilityVersion = "Xcode 3.2";
			developmentRegion = English;
			hasScannedForEncodings = 0;
			knownRegions = (
				en,
			);
			mainGroup = 0662491414A8F2A800FDAFA7;
			productRefGroup = 0662492014A8F2A800FDAFA7 /* Products */;
			projectDirPath = "";
			projectRoot = "";
			targets = (
				0662491E14A8F2A800FDAFA7 /* RemediosCaseros */,
			);
		};
/* End PBXProject section */

/* Begin PBXResourcesBuildPhase section */
		0662491D14A8F2A800FDAFA7 /* Resources */ = {
			isa = PBXResourcesBuildPhase;
			buildActionMask = 2147483647;
			files = (
				0662492E14A8F2A900FDAFA7 /* InfoPlist.strings in Resources */,
				0662493914A8F2A900FDAFA7 /* first.png in Resources */,
				0662493B14A8F2A900FDAFA7 /* first@2x.png in Resources */,
				0662494014A8F2A900FDAFA7 /* second.png in Resources */,
				0662494214A8F2A900FDAFA7 /* second@2x.png in Resources */,
				06624A2514ABA1B100FDAFA7 /* glosario.plist in Resources */,
				06624A2814ABA1B100FDAFA7 /* lasdo.plist in Resources */,
				06624A4414ABA20300FDAFA7 /* glosario.png in Resources */,
				06624A4714ABA20300FDAFA7 /* receta.png in Resources */,
				06624A4A14ABA20300FDAFA7 /* RootViewController.xib in Resources */,
				06624A4B14ABA20300FDAFA7 /* tweet.png in Resources */,
				D90882E51520D87A00AB7AEB /* detalleViewController.xib in Resources */,
				D9BD7C13152231CA007162AD /* glosarioViewController.xib in Resources */,
				D9868B381522555B00AEBE4D /* detalleGlosarioViewController.xib in Resources */,
				D93A59FB152A1B5E0012B9F8 /* ComprasViewController.xib in Resources */,
				D990C13A152B5F1C004F6B73 /* icono_compras_tab@2x.png in Resources */,
				D990C13B152B5F1C004F6B73 /* icono_glosario_tab@2x.png in Resources */,
				D990C13C152B5F1C004F6B73 /* icono_remedios_tab@2x.png in Resources */,
				D990C141152B60C0004F6B73 /* icono_compras_tab.png in Resources */,
				D990C142152B60C0004F6B73 /* icono_glosario_tab.png in Resources */,
				D990C143152B60C0004F6B73 /* icono_remedios_tab.png in Resources */,
				D990C146152B66D3004F6B73 /* marca_vacia_compras.png in Resources */,
				D990C147152B66D3004F6B73 /* marca_vacia_compras@2x.png in Resources */,
				D990C14D152B7641004F6B73 /* icono_compartir_detalleremedio.png in Resources */,
				D990C14F152B7779004F6B73 /* icono_basura_compras.png in Resources */,
				D990C151152B7EE0004F6B73 /* fondo_compras.png in Resources */,
				D990C157152B8AF3004F6B73 /* fondo_general@2x.png in Resources */,
				D990C162152B9116004F6B73 /* foto_celda_glosario.png in Resources */,
				D990C163152B9116004F6B73 /* foto_celda_glosario@2x.png in Resources */,
				D990C164152B9116004F6B73 /* foto_celda_remedios.png in Resources */,
				D990C165152B9116004F6B73 /* foto_celda_remedios@2x.png in Resources */,
				D990C166152B9116004F6B73 /* foto_detalleglosario.png in Resources */,
				D990C167152B9116004F6B73 /* foto_detalleglosario@2x.png in Resources */,
				D990C168152B9116004F6B73 /* foto_detalleremedio.png in Resources */,
				D990C169152B9116004F6B73 /* foto_detalleremedio@2x.png in Resources */,
				D990C16A152B9116004F6B73 /* foto2_celda_remedios.png in Resources */,
				D990C16B152B9116004F6B73 /* foto2_celda_remedios@2x.png in Resources */,
				D95B22F5152C9DFB0026C40E /* marca_llena_compras.png in Resources */,
				06E99CAB152CCE960024BBD6 /* remedios_57x57.png in Resources */,
				06E99CAC152CCE960024BBD6 /* remedios_114x114.png in Resources */,
				06E99CAF152CCED40024BBD6 /* remedios_57x57.png in Resources */,
				06E99CB1152CCED90024BBD6 /* remedios_114x114.png in Resources */,
				D9E87F77152CEA79004E2081 /* icono_basura_compras@2x.png in Resources */,
				D9E87F7A152CEA87004E2081 /* icono_compartir_detalleremedio@2x.png in Resources */,
				D9E87F80152CEAD7004E2081 /* marca_llena_compras@2x.png in Resources */,
				D964C3B1152CEB7C00860E0E /* fondo_compras@2x.png in Resources */,
				D9C4F52A152CEBC300533412 /* fondo_general.png in Resources */,
				9AEA5F921533505300A9E703 /* FBDialog.bundle in Resources */,
				8B3E27911537163500E0A378 /* Ajo@2x.png in Resources */,
				8B3E27921537163500E0A378 /* Alcachofa@2x.png in Resources */,
				8B3E27931537163500E0A378 /* Alfalfa@2x.png in Resources */,
				8B3E27941537163500E0A378 /* Alfombras@2x.png in Resources */,
				8B3E27951537163500E0A378 /* Aloe@2x.png in Resources */,
				8B3E27961537163500E0A378 /* Arnica@2x.png in Resources */,
				8B3E27971537163500E0A378 /* Artritis@2x.png in Resources */,
				8B3E27981537163500E0A378 /* Avena@2x.png in Resources */,
				8B3E27991537163500E0A378 /* Azulejos@2x.png in Resources */,
				8B3E279A1537163500E0A378 /* Acne@2x.png in Resources */,
				8B3E279B1537163500E0A378 /* Arrugas@2x.png in Resources */,
				8B3E279C1537163500E0A378 /* Graso@2x.png in Resources */,
				8B3E279D1537163500E0A378 /* Mascarilla@2x.png in Resources */,
				8B3E279E1537163500E0A378 /* Acne.png in Resources */,
				8B3E279F1537163500E0A378 /* Arrugas.png in Resources */,
				8B3E27A01537163500E0A378 /* Graso.png in Resources */,
				8B3E27A11537163500E0A378 /* Mascarilla.png in Resources */,
				8B3E27A21537163500E0A378 /* Pelo.png in Resources */,
				8B3E27A31537163500E0A378 /* Piel.png in Resources */,
				8B3E27A41537163500E0A378 /* Rostro.png in Resources */,
				8B3E27A51537163500E0A378 /* Seco.png in Resources */,
				8B3E27A61537163500E0A378 /* Uñas.png in Resources */,
				8B3E27A71537163500E0A378 /* Pelo@2x.png in Resources */,
				8B3E27A81537163500E0A378 /* Piel@2x.png in Resources */,
				8B3E27A91537163500E0A378 /* Rostro@2x.png in Resources */,
				8B3E27AA1537163500E0A378 /* Seco@2x.png in Resources */,
				8B3E27AB1537163500E0A378 /* Uñas@2x.png in Resources */,
				8B3E27AC1537163500E0A378 /* Canela@2x.png in Resources */,
				8B3E27AD1537163500E0A378 /* Chia@2x.png in Resources */,
				8B3E27AE1537163500E0A378 /* Colesterol@2x.png in Resources */,
				8B3E27AF1537163500E0A378 /* Colitis@2x.png in Resources */,
				8B3E27B01537163500E0A378 /* Conjuntivitis@2x.png in Resources */,
				8B3E27B11537163500E0A378 /* Corazon@2x.png in Resources */,
				8B3E27B21537163500E0A378 /* Cortina@2x.png in Resources */,
				8B3E27B31537163500E0A378 /* Cristales@2x.png in Resources */,
				8B3E27B41537163500E0A378 /* Cuachalalate@2x.png in Resources */,
				8B3E27B51537163500E0A378 /* Desague@2x.png in Resources */,
				8B3E27B61537163500E0A378 /* Escoba@2x.png in Resources */,
				8B3E27B71537163500E0A378 /* Estufa@2x.png in Resources */,
				8B3E27B81537163500E0A378 /* Gingivitis@2x.png in Resources */,
				8B3E27B91537163500E0A378 /* Hipertension@2x.png in Resources */,
				8B3E27BA1537163500E0A378 /* Indigestion@2x.png in Resources */,
				8B3E27BB1537163500E0A378 /* Inmunologico@2x.png in Resources */,
				8B3E27BC1537163500E0A378 /* Insomnio@2x.png in Resources */,
				8B3E27BD1537163500E0A378 /* Ajo.png in Resources */,
				8B3E27BE1537163500E0A378 /* Alcachofa.png in Resources */,
				8B3E27BF1537163500E0A378 /* Alfalfa.png in Resources */,
				8B3E27C01537163500E0A378 /* Alfombras.png in Resources */,
				8B3E27C11537163500E0A378 /* Aloe.png in Resources */,
				8B3E27C21537163500E0A378 /* Arnica.png in Resources */,
				8B3E27C31537163500E0A378 /* Artritis.png in Resources */,
				8B3E27C41537163500E0A378 /* Avena.png in Resources */,
				8B3E27C51537163500E0A378 /* Azulejos.png in Resources */,
				8B3E27C61537163500E0A378 /* Canela.png in Resources */,
				8B3E27C71537163500E0A378 /* Chia.png in Resources */,
				8B3E27C81537163500E0A378 /* Colesterol.png in Resources */,
				8B3E27C91537163500E0A378 /* Colitis.png in Resources */,
				8B3E27CA1537163500E0A378 /* Conjuntivitis.png in Resources */,
				8B3E27CB1537163500E0A378 /* Corazon.png in Resources */,
				8B3E27CC1537163500E0A378 /* Cortina.png in Resources */,
				8B3E27CD1537163500E0A378 /* Cristales.png in Resources */,
				8B3E27CE1537163500E0A378 /* Cuachalalate.png in Resources */,
				8B3E27CF1537163500E0A378 /* Desague.png in Resources */,
				8B3E27D01537163500E0A378 /* Escoba.png in Resources */,
				8B3E27D11537163500E0A378 /* Estufa.png in Resources */,
				8B3E27D21537163500E0A378 /* Gingivitis.png in Resources */,
				8B3E27D31537163500E0A378 /* Hipertension.png in Resources */,
				8B3E27D41537163500E0A378 /* Indigestion.png in Resources */,
				8B3E27D51537163500E0A378 /* Inmunologico.png in Resources */,
				8B3E27D61537163500E0A378 /* Insomnio.png in Resources */,
				8B3E27D71537163500E0A378 /* Olla.png in Resources */,
				8B3E27D81537163500E0A378 /* Recipientes.png in Resources */,
				8B3E27D91537163500E0A378 /* Termo.png in Resources */,
				8B3E27DA1537163500E0A378 /* Olla@2x.png in Resources */,
				8B3E27DB1537163500E0A378 /* Recipientes@2x.png in Resources */,
				8B3E27DC1537163500E0A378 /* Termo@2x.png in Resources */,
				8B3E27DE1537181300E0A378 /* Sonrisa@2x.png in Resources */,
				8B3E27E01537182700E0A378 /* Sonrisa.png in Resources */,
				8B3E282A15377DD600E0A378 /* Cardamomo.png in Resources */,
				8B3E282B15377DD600E0A378 /* Clavo.png in Resources */,
				8B3E282C15377DD600E0A378 /* Diente.png in Resources */,
				8B3E282D15377DD600E0A378 /* Ginseng.png in Resources */,
				8B3E282E15377DD600E0A378 /* Manzanilla.png in Resources */,
				8B3E282F15377DD600E0A378 /* Ñame.png in Resources */,
				8B3E283015377DD600E0A378 /* Perejil.png in Resources */,
				8B3E283115377DD600E0A378 /* Sauce.png in Resources */,
				8B3E283215377DD600E0A378 /* Valeriana.png in Resources */,
				8B3E283315377DD600E0A378 /* Verbena.png in Resources */,
				8B3E283415377DD600E0A378 /* Violeta.png in Resources */,
				8B3E283C15377E2200E0A378 /* Cardamomo@2x.png in Resources */,
				8B3E283D15377E2200E0A378 /* Clavo@2x.png in Resources */,
				8B3E283E15377E2200E0A378 /* Diente@2x.png in Resources */,
				8B3E283F15377E2200E0A378 /* Ginseng@2x.png in Resources */,
				8B3E284015377E2200E0A378 /* Manzanilla@2x.png in Resources */,
				8B3E284115377E2200E0A378 /* Ñame@2x.png in Resources */,
				8B3E284715377E3600E0A378 /* Perejil@2x.png in Resources */,
				8B3E284815377E3600E0A378 /* Sauce@2x.png in Resources */,
				8B3E284915377E3600E0A378 /* Valeriana@2x.png in Resources */,
				8B3E284A15377E3600E0A378 /* Verbena@2x.png in Resources */,
				8B3E284B15377E3600E0A378 /* Violeta@2x.png in Resources */,
				8B335C78153DE41F0041D1C4 /* RemediosCaseros.sqlite in Resources */,
				8B335CA4153E0D9A0041D1C4 /* generico_glosario.png in Resources */,
				8B335CA5153E0D9A0041D1C4 /* generico_glosario@2x.png in Resources */,
				8B335CA6153E0D9A0041D1C4 /* generico_remedio.png in Resources */,
				8B335CA7153E0D9A0041D1C4 /* generico_remedio@2x.png in Resources */,
			);
			runOnlyForDeploymentPostprocessing = 0;
		};
/* End PBXResourcesBuildPhase section */

/* Begin PBXSourcesBuildPhase section */
		0662491B14A8F2A800FDAFA7 /* Sources */ = {
			isa = PBXSourcesBuildPhase;
			buildActionMask = 2147483647;
			files = (
				0662493014A8F2A900FDAFA7 /* main.m in Sources */,
				0662493414A8F2A900FDAFA7 /* AppDelegate.m in Sources */,
				06624A4914ABA20300FDAFA7 /* RootViewController.m in Sources */,
				D9F89BFF1519268C00DDCBAC /* Model.xcdatamodeld in Sources */,
				D91EA935151A702D00EACB54 /* TestData.m in Sources */,
				D90882E41520D87A00AB7AEB /* detalleViewController.m in Sources */,
				D9BD7C12152231CA007162AD /* glosarioViewController.m in Sources */,
				D9868B371522555B00AEBE4D /* detalleGlosarioViewController.m in Sources */,
				D93A59FA152A1B5E0012B9F8 /* ComprasViewController.m in Sources */,
				9AEA5F6A1533504600A9E703 /* FacebookMethods.m in Sources */,
				9AEA5F911533505300A9E703 /* Facebook.m in Sources */,
				9AEA5F931533505300A9E703 /* FBDialog.m in Sources */,
				9AEA5F941533505300A9E703 /* FBFrictionlessRequestSettings.m in Sources */,
				9AEA5F951533505300A9E703 /* FBLoginDialog.m in Sources */,
				9AEA5F961533505300A9E703 /* FBRequest.m in Sources */,
				9AEA5F971533505300A9E703 /* NSObject+SBJSON.m in Sources */,
				9AEA5F981533505300A9E703 /* NSString+SBJSON.m in Sources */,
				9AEA5F991533505300A9E703 /* SBJSON.m in Sources */,
				9AEA5F9A1533505300A9E703 /* SBJsonBase.m in Sources */,
				9AEA5F9B1533505300A9E703 /* SBJsonParser.m in Sources */,
				9AEA5F9C1533505300A9E703 /* SBJsonWriter.m in Sources */,
				D9DC36BE1537358B0024AED0 /* Remedios.m in Sources */,
				D9DC36C1153735970024AED0 /* Glosario.m in Sources */,
				122C8E46156D551F00EB3A17 /* Analytics.m in Sources */,
			);
			runOnlyForDeploymentPostprocessing = 0;
		};
/* End PBXSourcesBuildPhase section */

/* Begin PBXVariantGroup section */
		0662492C14A8F2A900FDAFA7 /* InfoPlist.strings */ = {
			isa = PBXVariantGroup;
			children = (
				0662492D14A8F2A900FDAFA7 /* en */,
			);
			name = InfoPlist.strings;
			sourceTree = "<group>";
		};
/* End PBXVariantGroup section */

/* Begin XCBuildConfiguration section */
		0662494914A8F2A900FDAFA7 /* Debug */ = {
			isa = XCBuildConfiguration;
			buildSettings = {
				ALWAYS_SEARCH_USER_PATHS = NO;
				ARCHS = "$(ARCHS_STANDARD_32_BIT)";
				CODE_SIGN_IDENTITY = "";
				"CODE_SIGN_IDENTITY[sdk=iphoneos*]" = "iPhone Developer";
				COPY_PHASE_STRIP = NO;
				GCC_C_LANGUAGE_STANDARD = gnu99;
				GCC_DYNAMIC_NO_PIC = NO;
				GCC_OPTIMIZATION_LEVEL = 0;
				GCC_PREPROCESSOR_DEFINITIONS = (
					"DEBUG=1",
					"$(inherited)",
				);
				GCC_SYMBOLS_PRIVATE_EXTERN = NO;
				GCC_VERSION = com.apple.compilers.llvm.clang.1_0;
				GCC_WARN_ABOUT_MISSING_PROTOTYPES = YES;
				GCC_WARN_ABOUT_RETURN_TYPE = YES;
				GCC_WARN_UNUSED_VARIABLE = YES;
				IPHONEOS_DEPLOYMENT_TARGET = 5.0;
				SDKROOT = iphoneos;
			};
			name = Debug;
		};
		0662494A14A8F2A900FDAFA7 /* Release */ = {
			isa = XCBuildConfiguration;
			buildSettings = {
				ALWAYS_SEARCH_USER_PATHS = NO;
				ARCHS = "$(ARCHS_STANDARD_32_BIT)";
				CODE_SIGN_IDENTITY = "";
				"CODE_SIGN_IDENTITY[sdk=iphoneos*]" = "iPhone Developer";
				COPY_PHASE_STRIP = YES;
				GCC_C_LANGUAGE_STANDARD = gnu99;
				GCC_VERSION = com.apple.compilers.llvm.clang.1_0;
				GCC_WARN_ABOUT_MISSING_PROTOTYPES = YES;
				GCC_WARN_ABOUT_RETURN_TYPE = YES;
				GCC_WARN_UNUSED_VARIABLE = YES;
				IPHONEOS_DEPLOYMENT_TARGET = 5.0;
				OTHER_CFLAGS = "-DNS_BLOCK_ASSERTIONS=1";
				SDKROOT = iphoneos;
				VALIDATE_PRODUCT = YES;
			};
			name = Release;
		};
		0662494C14A8F2A900FDAFA7 /* Debug */ = {
			isa = XCBuildConfiguration;
			buildSettings = {
				GCC_PRECOMPILE_PREFIX_HEADER = YES;
				GCC_PREFIX_HEADER = "RemediosCaseros/RemediosCaseros-Prefix.pch";
				INFOPLIST_FILE = "RemediosCaseros/RemediosCaseros-Info.plist";
				LIBRARY_SEARCH_PATHS = (
					"$(inherited)",
					"\"$(SRCROOT)/RemediosCaseros/GoogleAnalytics\"",
				);
				PRODUCT_NAME = "$(TARGET_NAME)";
				WRAPPER_EXTENSION = app;
			};
			name = Debug;
		};
		0662494D14A8F2A900FDAFA7 /* Release */ = {
			isa = XCBuildConfiguration;
			buildSettings = {
				GCC_PRECOMPILE_PREFIX_HEADER = YES;
				GCC_PREFIX_HEADER = "RemediosCaseros/RemediosCaseros-Prefix.pch";
				INFOPLIST_FILE = "RemediosCaseros/RemediosCaseros-Info.plist";
				LIBRARY_SEARCH_PATHS = (
					"$(inherited)",
					"\"$(SRCROOT)/RemediosCaseros/GoogleAnalytics\"",
				);
				PRODUCT_NAME = "$(TARGET_NAME)";
				WRAPPER_EXTENSION = app;
			};
			name = Release;
		};
/* End XCBuildConfiguration section */

/* Begin XCConfigurationList section */
		0662491914A8F2A800FDAFA7 /* Build configuration list for PBXProject "RemediosCaseros" */ = {
			isa = XCConfigurationList;
			buildConfigurations = (
				0662494914A8F2A900FDAFA7 /* Debug */,
				0662494A14A8F2A900FDAFA7 /* Release */,
			);
			defaultConfigurationIsVisible = 0;
			defaultConfigurationName = Release;
		};
		0662494B14A8F2A900FDAFA7 /* Build configuration list for PBXNativeTarget "RemediosCaseros" */ = {
			isa = XCConfigurationList;
			buildConfigurations = (
				0662494C14A8F2A900FDAFA7 /* Debug */,
				0662494D14A8F2A900FDAFA7 /* Release */,
			);
			defaultConfigurationIsVisible = 0;
			defaultConfigurationName = Release;
		};
/* End XCConfigurationList section */

/* Begin XCVersionGroup section */
		D9F89BFD1519268C00DDCBAC /* Model.xcdatamodeld */ = {
			isa = XCVersionGroup;
			children = (
				D9F89BFE1519268C00DDCBAC /* Model.xcdatamodel */,
			);
			currentVersion = D9F89BFE1519268C00DDCBAC /* Model.xcdatamodel */;
			path = Model.xcdatamodeld;
			sourceTree = "<group>";
			versionGroupType = wrapper.xcdatamodel;
		};
/* End XCVersionGroup section */
	};
	rootObject = 0662491614A8F2A800FDAFA7 /* Project object */;
}
