// !$*UTF8*$!
{
	archiveVersion = 1;
	classes = {
	};
	objectVersion = 46;
	objects = {

/* Begin PBXBuildFile section */
		0662492414A8F2A800FDAFA7 /* UIKit.framework in Frameworks */ = {isa = PBXBuildFile; fileRef = 0662492314A8F2A800FDAFA7 /* UIKit.framework */; };
		0662492614A8F2A800FDAFA7 /* Foundation.framework in Frameworks */ = {isa = PBXBuildFile; fileRef = 0662492514A8F2A800FDAFA7 /* Foundation.framework */; };
		0662492814A8F2A800FDAFA7 /* CoreGraphics.framework in Frameworks */ = {isa = PBXBuildFile; fileRef = 0662492714A8F2A800FDAFA7 /* CoreGraphics.framework */; };
		0662492E14A8F2A900FDAFA7 /* InfoPlist.strings in Resources */ = {isa = PBXBuildFile; fileRef = 0662492C14A8F2A900FDAFA7 /* InfoPlist.strings */; };
		0662493014A8F2A900FDAFA7 /* main.m in Sources */ = {isa = PBXBuildFile; fileRef = 0662492F14A8F2A900FDAFA7 /* main.m */; };
		0662493414A8F2A900FDAFA7 /* AppDelegate.m in Sources */ = {isa = PBXBuildFile; fileRef = 0662493314A8F2A900FDAFA7 /* AppDelegate.m */; };
		0662493914A8F2A900FDAFA7 /* first.png in Resources */ = {isa = PBXBuildFile; fileRef = 0662493814A8F2A900FDAFA7 /* first.png */; };
		0662493B14A8F2A900FDAFA7 /* first@2x.png in Resources */ = {isa = PBXBuildFile; fileRef = 0662493A14A8F2A900FDAFA7 /* first@2x.png */; };
		0662494014A8F2A900FDAFA7 /* second.png in Resources */ = {isa = PBXBuildFile; fileRef = 0662493F14A8F2A900FDAFA7 /* second.png */; };
		0662494214A8F2A900FDAFA7 /* second@2x.png in Resources */ = {isa = PBXBuildFile; fileRef = 0662494114A8F2A900FDAFA7 /* second@2x.png */; };
		06624A2514ABA1B100FDAFA7 /* glosario.plist in Resources */ = {isa = PBXBuildFile; fileRef = 06624A2014ABA1B100FDAFA7 /* glosario.plist */; };
		06624A2814ABA1B100FDAFA7 /* lasdo.plist in Resources */ = {isa = PBXBuildFile; fileRef = 06624A2414ABA1B100FDAFA7 /* lasdo.plist */; };
		06624A4414ABA20300FDAFA7 /* glosario.png in Resources */ = {isa = PBXBuildFile; fileRef = 06624A3314ABA20300FDAFA7 /* glosario.png */; };
		06624A4714ABA20300FDAFA7 /* receta.png in Resources */ = {isa = PBXBuildFile; fileRef = 06624A3714ABA20300FDAFA7 /* receta.png */; };
		06624A4914ABA20300FDAFA7 /* RootViewController.m in Sources */ = {isa = PBXBuildFile; fileRef = 06624A3B14ABA20300FDAFA7 /* RootViewController.m */; };
		06624A4A14ABA20300FDAFA7 /* RootViewController.xib in Resources */ = {isa = PBXBuildFile; fileRef = 06624A3C14ABA20300FDAFA7 /* RootViewController.xib */; };
		06624A4B14ABA20300FDAFA7 /* tweet.png in Resources */ = {isa = PBXBuildFile; fileRef = 06624A3D14ABA20300FDAFA7 /* tweet.png */; };
		D91A7866151CFCC6008A0292 /* Remedios.m in Sources */ = {isa = PBXBuildFile; fileRef = D91A7865151CFCC6008A0292 /* Remedios.m */; };
		D91A7869151CFCC7008A0292 /* Glosario.m in Sources */ = {isa = PBXBuildFile; fileRef = D91A7868151CFCC7008A0292 /* Glosario.m */; };
		D91A786F151CFCC7008A0292 /* Categoria.m in Sources */ = {isa = PBXBuildFile; fileRef = D91A786E151CFCC7008A0292 /* Categoria.m */; };
		D91A787E151D0544008A0292 /* coco.png in Resources */ = {isa = PBXBuildFile; fileRef = D91A787B151D0544008A0292 /* coco.png */; };
		D91A787F151D0544008A0292 /* foco.jpg in Resources */ = {isa = PBXBuildFile; fileRef = D91A787C151D0544008A0292 /* foco.jpg */; };
		D91A7880151D0544008A0292 /* limpia.jpg in Resources */ = {isa = PBXBuildFile; fileRef = D91A787D151D0544008A0292 /* limpia.jpg */; };
		D91EA935151A702D00EACB54 /* TestData.m in Sources */ = {isa = PBXBuildFile; fileRef = D91EA934151A702D00EACB54 /* TestData.m */; };
		D9E122DA151E240F000076C8 /* Imagen.m in Sources */ = {isa = PBXBuildFile; fileRef = D9E122D9151E240F000076C8 /* Imagen.m */; };
		D9F89BFF1519268C00DDCBAC /* Model.xcdatamodeld in Sources */ = {isa = PBXBuildFile; fileRef = D9F89BFD1519268C00DDCBAC /* Model.xcdatamodeld */; };
		D9F89C02151927BE00DDCBAC /* CoreData.framework in Frameworks */ = {isa = PBXBuildFile; fileRef = D9F89C01151927BE00DDCBAC /* CoreData.framework */; };
/* End PBXBuildFile section */

/* Begin PBXFileReference section */
		0662491F14A8F2A800FDAFA7 /* RemediosCaseros.app */ = {isa = PBXFileReference; explicitFileType = wrapper.application; includeInIndex = 0; path = RemediosCaseros.app; sourceTree = BUILT_PRODUCTS_DIR; };
		0662492314A8F2A800FDAFA7 /* UIKit.framework */ = {isa = PBXFileReference; lastKnownFileType = wrapper.framework; name = UIKit.framework; path = System/Library/Frameworks/UIKit.framework; sourceTree = SDKROOT; };
		0662492514A8F2A800FDAFA7 /* Foundation.framework */ = {isa = PBXFileReference; lastKnownFileType = wrapper.framework; name = Foundation.framework; path = System/Library/Frameworks/Foundation.framework; sourceTree = SDKROOT; };
		0662492714A8F2A800FDAFA7 /* CoreGraphics.framework */ = {isa = PBXFileReference; lastKnownFileType = wrapper.framework; name = CoreGraphics.framework; path = System/Library/Frameworks/CoreGraphics.framework; sourceTree = SDKROOT; };
		0662492B14A8F2A900FDAFA7 /* RemediosCaseros-Info.plist */ = {isa = PBXFileReference; lastKnownFileType = text.plist.xml; path = "RemediosCaseros-Info.plist"; sourceTree = "<group>"; };
		0662492D14A8F2A900FDAFA7 /* en */ = {isa = PBXFileReference; lastKnownFileType = text.plist.strings; name = en; path = en.lproj/InfoPlist.strings; sourceTree = "<group>"; };
		0662492F14A8F2A900FDAFA7 /* main.m */ = {isa = PBXFileReference; lastKnownFileType = sourcecode.c.objc; path = main.m; sourceTree = "<group>"; };
		0662493114A8F2A900FDAFA7 /* RemediosCaseros-Prefix.pch */ = {isa = PBXFileReference; lastKnownFileType = sourcecode.c.h; path = "RemediosCaseros-Prefix.pch"; sourceTree = "<group>"; };
		0662493214A8F2A900FDAFA7 /* AppDelegate.h */ = {isa = PBXFileReference; lastKnownFileType = sourcecode.c.h; path = AppDelegate.h; sourceTree = "<group>"; };
		0662493314A8F2A900FDAFA7 /* AppDelegate.m */ = {isa = PBXFileReference; lastKnownFileType = sourcecode.c.objc; path = AppDelegate.m; sourceTree = "<group>"; };
		0662493814A8F2A900FDAFA7 /* first.png */ = {isa = PBXFileReference; lastKnownFileType = image.png; path = first.png; sourceTree = "<group>"; };
		0662493A14A8F2A900FDAFA7 /* first@2x.png */ = {isa = PBXFileReference; lastKnownFileType = image.png; path = "first@2x.png"; sourceTree = "<group>"; };
		0662493F14A8F2A900FDAFA7 /* second.png */ = {isa = PBXFileReference; lastKnownFileType = image.png; path = second.png; sourceTree = "<group>"; };
		0662494114A8F2A900FDAFA7 /* second@2x.png */ = {isa = PBXFileReference; lastKnownFileType = image.png; path = "second@2x.png"; sourceTree = "<group>"; };
		06624A2014ABA1B100FDAFA7 /* glosario.plist */ = {isa = PBXFileReference; fileEncoding = 4; lastKnownFileType = text.plist.xml; path = glosario.plist; sourceTree = "<group>"; };
		06624A2414ABA1B100FDAFA7 /* lasdo.plist */ = {isa = PBXFileReference; fileEncoding = 4; lastKnownFileType = text.plist.xml; path = lasdo.plist; sourceTree = "<group>"; };
		06624A3314ABA20300FDAFA7 /* glosario.png */ = {isa = PBXFileReference; lastKnownFileType = image.png; path = glosario.png; sourceTree = "<group>"; };
		06624A3714ABA20300FDAFA7 /* receta.png */ = {isa = PBXFileReference; lastKnownFileType = image.png; path = receta.png; sourceTree = "<group>"; };
		06624A3A14ABA20300FDAFA7 /* RootViewController.h */ = {isa = PBXFileReference; fileEncoding = 4; lastKnownFileType = sourcecode.c.h; path = RootViewController.h; sourceTree = "<group>"; };
		06624A3B14ABA20300FDAFA7 /* RootViewController.m */ = {isa = PBXFileReference; fileEncoding = 4; lastKnownFileType = sourcecode.c.objc; path = RootViewController.m; sourceTree = "<group>"; };
		06624A3C14ABA20300FDAFA7 /* RootViewController.xib */ = {isa = PBXFileReference; fileEncoding = 4; lastKnownFileType = file.xib; path = RootViewController.xib; sourceTree = "<group>"; };
		06624A3D14ABA20300FDAFA7 /* tweet.png */ = {isa = PBXFileReference; lastKnownFileType = image.png; path = tweet.png; sourceTree = "<group>"; };
		D91A7864151CFCC6008A0292 /* Remedios.h */ = {isa = PBXFileReference; fileEncoding = 4; lastKnownFileType = sourcecode.c.h; path = Remedios.h; sourceTree = "<group>"; };
		D91A7865151CFCC6008A0292 /* Remedios.m */ = {isa = PBXFileReference; fileEncoding = 4; lastKnownFileType = sourcecode.c.objc; path = Remedios.m; sourceTree = "<group>"; };
		D91A7867151CFCC7008A0292 /* Glosario.h */ = {isa = PBXFileReference; fileEncoding = 4; lastKnownFileType = sourcecode.c.h; path = Glosario.h; sourceTree = "<group>"; };
		D91A7868151CFCC7008A0292 /* Glosario.m */ = {isa = PBXFileReference; fileEncoding = 4; lastKnownFileType = sourcecode.c.objc; path = Glosario.m; sourceTree = "<group>"; };
		D91A786D151CFCC7008A0292 /* Categoria.h */ = {isa = PBXFileReference; fileEncoding = 4; lastKnownFileType = sourcecode.c.h; path = Categoria.h; sourceTree = "<group>"; };
		D91A786E151CFCC7008A0292 /* Categoria.m */ = {isa = PBXFileReference; fileEncoding = 4; lastKnownFileType = sourcecode.c.objc; path = Categoria.m; sourceTree = "<group>"; };
		D91A787B151D0544008A0292 /* coco.png */ = {isa = PBXFileReference; lastKnownFileType = image.png; path = coco.png; sourceTree = "<group>"; };
		D91A787C151D0544008A0292 /* foco.jpg */ = {isa = PBXFileReference; lastKnownFileType = image.jpeg; path = foco.jpg; sourceTree = "<group>"; };
		D91A787D151D0544008A0292 /* limpia.jpg */ = {isa = PBXFileReference; lastKnownFileType = image.jpeg; path = limpia.jpg; sourceTree = "<group>"; };
		D91EA933151A702D00EACB54 /* TestData.h */ = {isa = PBXFileReference; fileEncoding = 4; lastKnownFileType = sourcecode.c.h; path = TestData.h; sourceTree = "<group>"; };
		D91EA934151A702D00EACB54 /* TestData.m */ = {isa = PBXFileReference; fileEncoding = 4; lastKnownFileType = sourcecode.c.objc; path = TestData.m; sourceTree = "<group>"; };
		D91EA937151A78AA00EACB54 /* ConstantRemedios.h */ = {isa = PBXFileReference; fileEncoding = 4; lastKnownFileType = sourcecode.c.h; path = ConstantRemedios.h; sourceTree = "<group>"; };
		D9E122D8151E240F000076C8 /* Imagen.h */ = {isa = PBXFileReference; fileEncoding = 4; lastKnownFileType = sourcecode.c.h; path = Imagen.h; sourceTree = "<group>"; };
		D9E122D9151E240F000076C8 /* Imagen.m */ = {isa = PBXFileReference; fileEncoding = 4; lastKnownFileType = sourcecode.c.objc; path = Imagen.m; sourceTree = "<group>"; };
		D9F89BFE1519268C00DDCBAC /* Model.xcdatamodel */ = {isa = PBXFileReference; lastKnownFileType = wrapper.xcdatamodel; path = Model.xcdatamodel; sourceTree = "<group>"; };
		D9F89C01151927BE00DDCBAC /* CoreData.framework */ = {isa = PBXFileReference; lastKnownFileType = wrapper.framework; name = CoreData.framework; path = System/Library/Frameworks/CoreData.framework; sourceTree = SDKROOT; };
/* End PBXFileReference section */

/* Begin PBXFrameworksBuildPhase section */
		0662491C14A8F2A800FDAFA7 /* Frameworks */ = {
			isa = PBXFrameworksBuildPhase;
			buildActionMask = 2147483647;
			files = (
				D9F89C02151927BE00DDCBAC /* CoreData.framework in Frameworks */,
				0662492414A8F2A800FDAFA7 /* UIKit.framework in Frameworks */,
				0662492614A8F2A800FDAFA7 /* Foundation.framework in Frameworks */,
				0662492814A8F2A800FDAFA7 /* CoreGraphics.framework in Frameworks */,
			);
			runOnlyForDeploymentPostprocessing = 0;
		};
/* End PBXFrameworksBuildPhase section */

/* Begin PBXGroup section */
		0662491414A8F2A800FDAFA7 = {
			isa = PBXGroup;
			children = (
				0662492914A8F2A900FDAFA7 /* RemediosCaseros */,
				0662492214A8F2A800FDAFA7 /* Frameworks */,
				0662492014A8F2A800FDAFA7 /* Products */,
			);
			sourceTree = "<group>";
		};
		0662492014A8F2A800FDAFA7 /* Products */ = {
			isa = PBXGroup;
			children = (
				0662491F14A8F2A800FDAFA7 /* RemediosCaseros.app */,
			);
			name = Products;
			sourceTree = "<group>";
		};
		0662492214A8F2A800FDAFA7 /* Frameworks */ = {
			isa = PBXGroup;
			children = (
				D9F89C01151927BE00DDCBAC /* CoreData.framework */,
				0662492314A8F2A800FDAFA7 /* UIKit.framework */,
				0662492514A8F2A800FDAFA7 /* Foundation.framework */,
				0662492714A8F2A800FDAFA7 /* CoreGraphics.framework */,
			);
			name = Frameworks;
			sourceTree = "<group>";
		};
		0662492914A8F2A900FDAFA7 /* RemediosCaseros */ = {
			isa = PBXGroup;
			children = (
				D9FC47F6151A6CFE002F1D4B /* Test */,
				D9FC479D151A5115002F1D4B /* Imagenes */,
				0662493214A8F2A900FDAFA7 /* AppDelegate.h */,
				0662493314A8F2A900FDAFA7 /* AppDelegate.m */,
				06624A3A14ABA20300FDAFA7 /* RootViewController.h */,
				06624A3B14ABA20300FDAFA7 /* RootViewController.m */,
				06624A3C14ABA20300FDAFA7 /* RootViewController.xib */,
				06624A2414ABA1B100FDAFA7 /* lasdo.plist */,
				06624A2014ABA1B100FDAFA7 /* glosario.plist */,
				0662492A14A8F2A900FDAFA7 /* Supporting Files */,
				D9F89BFD1519268C00DDCBAC /* Model.xcdatamodeld */,
			);
			path = RemediosCaseros;
			sourceTree = "<group>";
		};
		0662492A14A8F2A900FDAFA7 /* Supporting Files */ = {
			isa = PBXGroup;
			children = (
				0662492B14A8F2A900FDAFA7 /* RemediosCaseros-Info.plist */,
				0662492C14A8F2A900FDAFA7 /* InfoPlist.strings */,
				0662492F14A8F2A900FDAFA7 /* main.m */,
				0662493114A8F2A900FDAFA7 /* RemediosCaseros-Prefix.pch */,
				D91A786D151CFCC7008A0292 /* Categoria.h */,
				D91A786E151CFCC7008A0292 /* Categoria.m */,
				D91A7867151CFCC7008A0292 /* Glosario.h */,
				D91A7868151CFCC7008A0292 /* Glosario.m */,
				D91A7864151CFCC6008A0292 /* Remedios.h */,
				D91A7865151CFCC6008A0292 /* Remedios.m */,
				D9E122D8151E240F000076C8 /* Imagen.h */,
				D9E122D9151E240F000076C8 /* Imagen.m */,
			);
			name = "Supporting Files";
			sourceTree = "<group>";
		};
		D91A787A151D0544008A0292 /* imagenes remedios */ = {
			isa = PBXGroup;
			children = (
				D91A787B151D0544008A0292 /* coco.png */,
				D91A787C151D0544008A0292 /* foco.jpg */,
				D91A787D151D0544008A0292 /* limpia.jpg */,
			);
			path = "imagenes remedios";
			sourceTree = "<group>";
		};
		D9FC479D151A5115002F1D4B /* Imagenes */ = {
			isa = PBXGroup;
			children = (
				D91A787A151D0544008A0292 /* imagenes remedios */,
				06624A3D14ABA20300FDAFA7 /* tweet.png */,
				0662493F14A8F2A900FDAFA7 /* second.png */,
				0662494114A8F2A900FDAFA7 /* second@2x.png */,
				06624A3714ABA20300FDAFA7 /* receta.png */,
				06624A3314ABA20300FDAFA7 /* glosario.png */,
				0662493814A8F2A900FDAFA7 /* first.png */,
				0662493A14A8F2A900FDAFA7 /* first@2x.png */,
			);
			name = Imagenes;
			sourceTree = "<group>";
		};
		D9FC47F6151A6CFE002F1D4B /* Test */ = {
			isa = PBXGroup;
			children = (
				D91EA933151A702D00EACB54 /* TestData.h */,
				D91EA934151A702D00EACB54 /* TestData.m */,
				D91EA937151A78AA00EACB54 /* ConstantRemedios.h */,
			);
			name = Test;
			sourceTree = "<group>";
		};
/* End PBXGroup section */

/* Begin PBXNativeTarget section */
		0662491E14A8F2A800FDAFA7 /* RemediosCaseros */ = {
			isa = PBXNativeTarget;
			buildConfigurationList = 0662494B14A8F2A900FDAFA7 /* Build configuration list for PBXNativeTarget "RemediosCaseros" */;
			buildPhases = (
				0662491B14A8F2A800FDAFA7 /* Sources */,
				0662491C14A8F2A800FDAFA7 /* Frameworks */,
				0662491D14A8F2A800FDAFA7 /* Resources */,
			);
			buildRules = (
			);
			dependencies = (
			);
			name = RemediosCaseros;
			productName = RemediosCaseros;
			productReference = 0662491F14A8F2A800FDAFA7 /* RemediosCaseros.app */;
			productType = "com.apple.product-type.application";
		};
/* End PBXNativeTarget section */

/* Begin PBXProject section */
		0662491614A8F2A800FDAFA7 /* Project object */ = {
			isa = PBXProject;
			attributes = {
				LastUpgradeCheck = 0420;
				ORGANIZATIONNAME = "Somos Software";
			};
			buildConfigurationList = 0662491914A8F2A800FDAFA7 /* Build configuration list for PBXProject "RemediosCaseros" */;
			compatibilityVersion = "Xcode 3.2";
			developmentRegion = English;
			hasScannedForEncodings = 0;
			knownRegions = (
				en,
			);
			mainGroup = 0662491414A8F2A800FDAFA7;
			productRefGroup = 0662492014A8F2A800FDAFA7 /* Products */;
			projectDirPath = "";
			projectRoot = "";
			targets = (
				0662491E14A8F2A800FDAFA7 /* RemediosCaseros */,
			);
		};
/* End PBXProject section */

/* Begin PBXResourcesBuildPhase section */
		0662491D14A8F2A800FDAFA7 /* Resources */ = {
			isa = PBXResourcesBuildPhase;
			buildActionMask = 2147483647;
			files = (
				0662492E14A8F2A900FDAFA7 /* InfoPlist.strings in Resources */,
				0662493914A8F2A900FDAFA7 /* first.png in Resources */,
				0662493B14A8F2A900FDAFA7 /* first@2x.png in Resources */,
				0662494014A8F2A900FDAFA7 /* second.png in Resources */,
				0662494214A8F2A900FDAFA7 /* second@2x.png in Resources */,
				06624A2514ABA1B100FDAFA7 /* glosario.plist in Resources */,
				06624A2814ABA1B100FDAFA7 /* lasdo.plist in Resources */,
				06624A4414ABA20300FDAFA7 /* glosario.png in Resources */,
				06624A4714ABA20300FDAFA7 /* receta.png in Resources */,
				06624A4A14ABA20300FDAFA7 /* RootViewController.xib in Resources */,
				06624A4B14ABA20300FDAFA7 /* tweet.png in Resources */,
				D91A787E151D0544008A0292 /* coco.png in Resources */,
				D91A787F151D0544008A0292 /* foco.jpg in Resources */,
				D91A7880151D0544008A0292 /* limpia.jpg in Resources */,
			);
			runOnlyForDeploymentPostprocessing = 0;
		};
/* End PBXResourcesBuildPhase section */

/* Begin PBXSourcesBuildPhase section */
		0662491B14A8F2A800FDAFA7 /* Sources */ = {
			isa = PBXSourcesBuildPhase;
			buildActionMask = 2147483647;
			files = (
				0662493014A8F2A900FDAFA7 /* main.m in Sources */,
				0662493414A8F2A900FDAFA7 /* AppDelegate.m in Sources */,
				06624A4914ABA20300FDAFA7 /* RootViewController.m in Sources */,
				D9F89BFF1519268C00DDCBAC /* Model.xcdatamodeld in Sources */,
				D91EA935151A702D00EACB54 /* TestData.m in Sources */,
				D91A7866151CFCC6008A0292 /* Remedios.m in Sources */,
				D91A7869151CFCC7008A0292 /* Glosario.m in Sources */,
				D91A786F151CFCC7008A0292 /* Categoria.m in Sources */,
				D9E122DA151E240F000076C8 /* Imagen.m in Sources */,
			);
			runOnlyForDeploymentPostprocessing = 0;
		};
/* End PBXSourcesBuildPhase section */

/* Begin PBXVariantGroup section */
		0662492C14A8F2A900FDAFA7 /* InfoPlist.strings */ = {
			isa = PBXVariantGroup;
			children = (
				0662492D14A8F2A900FDAFA7 /* en */,
			);
			name = InfoPlist.strings;
			sourceTree = "<group>";
		};
/* End PBXVariantGroup section */

/* Begin XCBuildConfiguration section */
		0662494914A8F2A900FDAFA7 /* Debug */ = {
			isa = XCBuildConfiguration;
			buildSettings = {
				ALWAYS_SEARCH_USER_PATHS = NO;
				ARCHS = "$(ARCHS_STANDARD_32_BIT)";
				"CODE_SIGN_IDENTITY[sdk=iphoneos*]" = "iPhone Developer";
				COPY_PHASE_STRIP = NO;
				GCC_C_LANGUAGE_STANDARD = gnu99;
				GCC_DYNAMIC_NO_PIC = NO;
				GCC_OPTIMIZATION_LEVEL = 0;
				GCC_PREPROCESSOR_DEFINITIONS = (
					"DEBUG=1",
					"$(inherited)",
				);
				GCC_SYMBOLS_PRIVATE_EXTERN = NO;
				GCC_VERSION = com.apple.compilers.llvm.clang.1_0;
				GCC_WARN_ABOUT_MISSING_PROTOTYPES = YES;
				GCC_WARN_ABOUT_RETURN_TYPE = YES;
				GCC_WARN_UNUSED_VARIABLE = YES;
				IPHONEOS_DEPLOYMENT_TARGET = 5.0;
				SDKROOT = iphoneos;
			};
			name = Debug;
		};
		0662494A14A8F2A900FDAFA7 /* Release */ = {
			isa = XCBuildConfiguration;
			buildSettings = {
				ALWAYS_SEARCH_USER_PATHS = NO;
				ARCHS = "$(ARCHS_STANDARD_32_BIT)";
				"CODE_SIGN_IDENTITY[sdk=iphoneos*]" = "iPhone Developer";
				COPY_PHASE_STRIP = YES;
				GCC_C_LANGUAGE_STANDARD = gnu99;
				GCC_VERSION = com.apple.compilers.llvm.clang.1_0;
				GCC_WARN_ABOUT_MISSING_PROTOTYPES = YES;
				GCC_WARN_ABOUT_RETURN_TYPE = YES;
				GCC_WARN_UNUSED_VARIABLE = YES;
				IPHONEOS_DEPLOYMENT_TARGET = 5.0;
				OTHER_CFLAGS = "-DNS_BLOCK_ASSERTIONS=1";
				SDKROOT = iphoneos;
				VALIDATE_PRODUCT = YES;
			};
			name = Release;
		};
		0662494C14A8F2A900FDAFA7 /* Debug */ = {
			isa = XCBuildConfiguration;
			buildSettings = {
				GCC_PRECOMPILE_PREFIX_HEADER = YES;
				GCC_PREFIX_HEADER = "RemediosCaseros/RemediosCaseros-Prefix.pch";
				INFOPLIST_FILE = "RemediosCaseros/RemediosCaseros-Info.plist";
				PRODUCT_NAME = "$(TARGET_NAME)";
				WRAPPER_EXTENSION = app;
			};
			name = Debug;
		};
		0662494D14A8F2A900FDAFA7 /* Release */ = {
			isa = XCBuildConfiguration;
			buildSettings = {
				GCC_PRECOMPILE_PREFIX_HEADER = YES;
				GCC_PREFIX_HEADER = "RemediosCaseros/RemediosCaseros-Prefix.pch";
				INFOPLIST_FILE = "RemediosCaseros/RemediosCaseros-Info.plist";
				PRODUCT_NAME = "$(TARGET_NAME)";
				WRAPPER_EXTENSION = app;
			};
			name = Release;
		};
/* End XCBuildConfiguration section */

/* Begin XCConfigurationList section */
		0662491914A8F2A800FDAFA7 /* Build configuration list for PBXProject "RemediosCaseros" */ = {
			isa = XCConfigurationList;
			buildConfigurations = (
				0662494914A8F2A900FDAFA7 /* Debug */,
				0662494A14A8F2A900FDAFA7 /* Release */,
			);
			defaultConfigurationIsVisible = 0;
			defaultConfigurationName = Release;
		};
		0662494B14A8F2A900FDAFA7 /* Build configuration list for PBXNativeTarget "RemediosCaseros" */ = {
			isa = XCConfigurationList;
			buildConfigurations = (
				0662494C14A8F2A900FDAFA7 /* Debug */,
				0662494D14A8F2A900FDAFA7 /* Release */,
			);
			defaultConfigurationIsVisible = 0;
			defaultConfigurationName = Release;
		};
/* End XCConfigurationList section */

/* Begin XCVersionGroup section */
		D9F89BFD1519268C00DDCBAC /* Model.xcdatamodeld */ = {
			isa = XCVersionGroup;
			children = (
				D9F89BFE1519268C00DDCBAC /* Model.xcdatamodel */,
			);
			currentVersion = D9F89BFE1519268C00DDCBAC /* Model.xcdatamodel */;
			path = Model.xcdatamodeld;
			sourceTree = "<group>";
			versionGroupType = wrapper.xcdatamodel;
		};
/* End XCVersionGroup section */
	};
	rootObject = 0662491614A8F2A800FDAFA7 /* Project object */;
}
